
Microsoft Visual Studio Solution File, Format Version 12.00
# Visual Studio Version 17
VisualStudioVersion = 17.5.33414.496
MinimumVisualStudioVersion = 10.0.40219.1
Project("{8BC9CEB8-8B4A-11D0-8D11-00A0C91BC942}") = "Bai00-Ly Thuyet", "Bai00-Ly Thuyet\Bai00-Ly Thuyet.vcxproj", "{357B3794-F27F-439A-8D3B-B860F79DE5D8}"
EndProject
Project("{8BC9CEB8-8B4A-11D0-8D11-00A0C91BC942}") = "Bai22", "Bai22\Bai22.vcxproj", "{872850B9-C3C3-4AE3-9FEA-1C6B9E02D9EC}"
EndProject
Project("{8BC9CEB8-8B4A-11D0-8D11-00A0C91BC942}") = "Bai23", "Bai23\Bai23.vcxproj", "{20EF0D9A-BE6A-4410-BD89-9759F9DCCF14}"
EndProject
Project("{8BC9CEB8-8B4A-11D0-8D11-00A0C91BC942}") = "Bai24", "Bai24\Bai24.vcxproj", "{19AFEBAF-46FD-4438-9E9C-7D3F5358ACB2}"
EndProject
Project("{8BC9CEB8-8B4A-11D0-8D11-00A0C91BC942}") = "Bai25", "Bai25\Bai25.vcxproj", "{E4604AB4-3A1D-424E-B86D-EE2F19B67AFC}"
EndProject
Project("{8BC9CEB8-8B4A-11D0-8D11-00A0C91BC942}") = "Bai26", "Bai26\Bai26.vcxproj", "{93B20CE4-B60B-4A97-8705-EDDCA76F3D3B}"
EndProject
Project("{8BC9CEB8-8B4A-11D0-8D11-00A0C91BC942}") = "Bai27", "Bai27\Bai27.vcxproj", "{235E1058-B085-4C43-BBDA-92A116B7A175}"
EndProject
Project("{8BC9CEB8-8B4A-11D0-8D11-00A0C91BC942}") = "Bai28", "Bai28\Bai28.vcxproj", "{4436EECB-E79F-48AC-AEDC-2165F84E3F6C}"
EndProject
Project("{8BC9CEB8-8B4A-11D0-8D11-00A0C91BC942}") = "Bai42", "Bai42\Bai42.vcxproj", "{25E669BA-6061-467C-B748-AB5C45237628}"
EndProject
Project("{8BC9CEB8-8B4A-11D0-8D11-00A0C91BC942}") = "Bai41", "Bai41\Bai41.vcxproj", "{409AB389-E62A-4F34-A541-BD6E4A16D784}"
EndProject
Global
	GlobalSection(SolutionConfigurationPlatforms) = preSolution
		Debug|x64 = Debug|x64
		Debug|x86 = Debug|x86
		Release|x64 = Release|x64
		Release|x86 = Release|x86
	EndGlobalSection
	GlobalSection(ProjectConfigurationPlatforms) = postSolution
		{357B3794-F27F-439A-8D3B-B860F79DE5D8}.Debug|x64.ActiveCfg = Debug|x64
		{357B3794-F27F-439A-8D3B-B860F79DE5D8}.Debug|x64.Build.0 = Debug|x64
		{357B3794-F27F-439A-8D3B-B860F79DE5D8}.Debug|x86.ActiveCfg = Debug|Win32
		{357B3794-F27F-439A-8D3B-B860F79DE5D8}.Debug|x86.Build.0 = Debug|Win32
		{357B3794-F27F-439A-8D3B-B860F79DE5D8}.Release|x64.ActiveCfg = Release|x64
		{357B3794-F27F-439A-8D3B-B860F79DE5D8}.Release|x64.Build.0 = Release|x64
		{357B3794-F27F-439A-8D3B-B860F79DE5D8}.Release|x86.ActiveCfg = Release|Win32
		{357B3794-F27F-439A-8D3B-B860F79DE5D8}.Release|x86.Build.0 = Release|Win32
		{872850B9-C3C3-4AE3-9FEA-1C6B9E02D9EC}.Debug|x64.ActiveCfg = Debug|x64
		{872850B9-C3C3-4AE3-9FEA-1C6B9E02D9EC}.Debug|x64.Build.0 = Debug|x64
		{872850B9-C3C3-4AE3-9FEA-1C6B9E02D9EC}.Debug|x86.ActiveCfg = Debug|Win32
		{872850B9-C3C3-4AE3-9FEA-1C6B9E02D9EC}.Debug|x86.Build.0 = Debug|Win32
		{872850B9-C3C3-4AE3-9FEA-1C6B9E02D9EC}.Release|x64.ActiveCfg = Release|x64
		{872850B9-C3C3-4AE3-9FEA-1C6B9E02D9EC}.Release|x64.Build.0 = Release|x64
		{872850B9-C3C3-4AE3-9FEA-1C6B9E02D9EC}.Release|x86.ActiveCfg = Release|Win32
		{872850B9-C3C3-4AE3-9FEA-1C6B9E02D9EC}.Release|x86.Build.0 = Release|Win32
		{20EF0D9A-BE6A-4410-BD89-9759F9DCCF14}.Debug|x64.ActiveCfg = Debug|x64
		{20EF0D9A-BE6A-4410-BD89-9759F9DCCF14}.Debug|x64.Build.0 = Debug|x64
		{20EF0D9A-BE6A-4410-BD89-9759F9DCCF14}.Debug|x86.ActiveCfg = Debug|Win32
		{20EF0D9A-BE6A-4410-BD89-9759F9DCCF14}.Debug|x86.Build.0 = Debug|Win32
		{20EF0D9A-BE6A-4410-BD89-9759F9DCCF14}.Release|x64.ActiveCfg = Release|x64
		{20EF0D9A-BE6A-4410-BD89-9759F9DCCF14}.Release|x64.Build.0 = Release|x64
		{20EF0D9A-BE6A-4410-BD89-9759F9DCCF14}.Release|x86.ActiveCfg = Release|Win32
		{20EF0D9A-BE6A-4410-BD89-9759F9DCCF14}.Release|x86.Build.0 = Release|Win32
		{19AFEBAF-46FD-4438-9E9C-7D3F5358ACB2}.Debug|x64.ActiveCfg = Debug|x64
		{19AFEBAF-46FD-4438-9E9C-7D3F5358ACB2}.Debug|x64.Build.0 = Debug|x64
		{19AFEBAF-46FD-4438-9E9C-7D3F5358ACB2}.Debug|x86.ActiveCfg = Debug|Win32
		{19AFEBAF-46FD-4438-9E9C-7D3F5358ACB2}.Debug|x86.Build.0 = Debug|Win32
		{19AFEBAF-46FD-4438-9E9C-7D3F5358ACB2}.Release|x64.ActiveCfg = Release|x64
		{19AFEBAF-46FD-4438-9E9C-7D3F5358ACB2}.Release|x64.Build.0 = Release|x64
		{19AFEBAF-46FD-4438-9E9C-7D3F5358ACB2}.Release|x86.ActiveCfg = Release|Win32
		{19AFEBAF-46FD-4438-9E9C-7D3F5358ACB2}.Release|x86.Build.0 = Release|Win32
		{E4604AB4-3A1D-424E-B86D-EE2F19B67AFC}.Debug|x64.ActiveCfg = Debug|x64
		{E4604AB4-3A1D-424E-B86D-EE2F19B67AFC}.Debug|x64.Build.0 = Debug|x64
		{E4604AB4-3A1D-424E-B86D-EE2F19B67AFC}.Debug|x86.ActiveCfg = Debug|Win32
		{E4604AB4-3A1D-424E-B86D-EE2F19B67AFC}.Debug|x86.Build.0 = Debug|Win32
		{E4604AB4-3A1D-424E-B86D-EE2F19B67AFC}.Release|x64.ActiveCfg = Release|x64
		{E4604AB4-3A1D-424E-B86D-EE2F19B67AFC}.Release|x64.Build.0 = Release|x64
		{E4604AB4-3A1D-424E-B86D-EE2F19B67AFC}.Release|x86.ActiveCfg = Release|Win32
		{E4604AB4-3A1D-424E-B86D-EE2F19B67AFC}.Release|x86.Build.0 = Release|Win32
		{93B20CE4-B60B-4A97-8705-EDDCA76F3D3B}.Debug|x64.ActiveCfg = Debug|x64
		{93B20CE4-B60B-4A97-8705-EDDCA76F3D3B}.Debug|x64.Build.0 = Debug|x64
		{93B20CE4-B60B-4A97-8705-EDDCA76F3D3B}.Debug|x86.ActiveCfg = Debug|Win32
		{93B20CE4-B60B-4A97-8705-EDDCA76F3D3B}.Debug|x86.Build.0 = Debug|Win32
		{93B20CE4-B60B-4A97-8705-EDDCA76F3D3B}.Release|x64.ActiveCfg = Release|x64
		{93B20CE4-B60B-4A97-8705-EDDCA76F3D3B}.Release|x64.Build.0 = Release|x64
		{93B20CE4-B60B-4A97-8705-EDDCA76F3D3B}.Release|x86.ActiveCfg = Release|Win32
		{93B20CE4-B60B-4A97-8705-EDDCA76F3D3B}.Release|x86.Build.0 = Release|Win32
		{235E1058-B085-4C43-BBDA-92A116B7A175}.Debug|x64.ActiveCfg = Debug|x64
		{235E1058-B085-4C43-BBDA-92A116B7A175}.Debug|x64.Build.0 = Debug|x64
		{235E1058-B085-4C43-BBDA-92A116B7A175}.Debug|x86.ActiveCfg = Debug|Win32
		{235E1058-B085-4C43-BBDA-92A116B7A175}.Debug|x86.Build.0 = Debug|Win32
		{235E1058-B085-4C43-BBDA-92A116B7A175}.Release|x64.ActiveCfg = Release|x64
		{235E1058-B085-4C43-BBDA-92A116B7A175}.Release|x64.Build.0 = Release|x64
		{235E1058-B085-4C43-BBDA-92A116B7A175}.Release|x86.ActiveCfg = Release|Win32
		{235E1058-B085-4C43-BBDA-92A116B7A175}.Release|x86.Build.0 = Release|Win32
		{4436EECB-E79F-48AC-AEDC-2165F84E3F6C}.Debug|x64.ActiveCfg = Debug|x64
		{4436EECB-E79F-48AC-AEDC-2165F84E3F6C}.Debug|x64.Build.0 = Debug|x64
		{4436EECB-E79F-48AC-AEDC-2165F84E3F6C}.Debug|x86.ActiveCfg = Debug|Win32
		{4436EECB-E79F-48AC-AEDC-2165F84E3F6C}.Debug|x86.Build.0 = Debug|Win32
		{4436EECB-E79F-48AC-AEDC-2165F84E3F6C}.Release|x64.ActiveCfg = Release|x64
		{4436EECB-E79F-48AC-AEDC-2165F84E3F6C}.Release|x64.Build.0 = Release|x64
		{4436EECB-E79F-48AC-AEDC-2165F84E3F6C}.Release|x86.ActiveCfg = Release|Win32
		{4436EECB-E79F-48AC-AEDC-2165F84E3F6C}.Release|x86.Build.0 = Release|Win32
		{25E669BA-6061-467C-B748-AB5C45237628}.Debug|x64.ActiveCfg = Debug|x64
		{25E669BA-6061-467C-B748-AB5C45237628}.Debug|x64.Build.0 = Debug|x64
		{25E669BA-6061-467C-B748-AB5C45237628}.Debug|x86.ActiveCfg = Debug|Win32
		{25E669BA-6061-467C-B748-AB5C45237628}.Debug|x86.Build.0 = Debug|Win32
		{25E669BA-6061-467C-B748-AB5C45237628}.Release|x64.ActiveCfg = Release|x64
		{25E669BA-6061-467C-B748-AB5C45237628}.Release|x64.Build.0 = Release|x64
		{25E669BA-6061-467C-B748-AB5C45237628}.Release|x86.ActiveCfg = Release|Win32
		{25E669BA-6061-467C-B748-AB5C45237628}.Release|x86.Build.0 = Release|Win32
		{409AB389-E62A-4F34-A541-BD6E4A16D784}.Debug|x64.ActiveCfg = Debug|x64
		{409AB389-E62A-4F34-A541-BD6E4A16D784}.Debug|x64.Build.0 = Debug|x64
		{409AB389-E62A-4F34-A541-BD6E4A16D784}.Debug|x86.ActiveCfg = Debug|Win32
		{409AB389-E62A-4F34-A541-BD6E4A16D784}.Debug|x86.Build.0 = Debug|Win32
		{409AB389-E62A-4F34-A541-BD6E4A16D784}.Release|x64.ActiveCfg = Release|x64
		{409AB389-E62A-4F34-A541-BD6E4A16D784}.Release|x64.Build.0 = Release|x64
		{409AB389-E62A-4F34-A541-BD6E4A16D784}.Release|x86.ActiveCfg = Release|Win32
		{409AB389-E62A-4F34-A541-BD6E4A16D784}.Release|x86.Build.0 = Release|Win32
	EndGlobalSection
	GlobalSection(SolutionProperties) = preSolution
		HideSolutionNode = FALSE
	EndGlobalSection
	GlobalSection(ExtensibilityGlobals) = postSolution
		SolutionGuid = {E56FD432-0063-4F6F-A358-5C0777A599B4}
	EndGlobalSection
EndGlobal
