
Microsoft Visual Studio Solution File, Format Version 12.00
# Visual Studio Version 17
VisualStudioVersion = 17.5.33414.496
MinimumVisualStudioVersion = 10.0.40219.1
Project("{8BC9CEB8-8B4A-11D0-8D11-00A0C91BC942}") = "Bai01", "Bai01\Bai01.vcxproj", "{F63CA525-ED24-4675-97EF-7E8B8D7D16B1}"
EndProject
Project("{8BC9CEB8-8B4A-11D0-8D11-00A0C91BC942}") = "Bai03", "Bai03\Bai03.vcxproj", "{EDC789DB-43E5-44CE-8861-4984A5E32993}"
EndProject
Project("{8BC9CEB8-8B4A-11D0-8D11-00A0C91BC942}") = "Bai08", "Bai08\Bai08.vcxproj", "{3760E180-A6CA-4A58-A696-8AE001792AF9}"
EndProject
Project("{8BC9CEB8-8B4A-11D0-8D11-00A0C91BC942}") = "Bai07", "Bai07\Bai07.vcxproj", "{098240EE-1975-4995-8C3B-F52066412EFE}"
EndProject
Project("{8BC9CEB8-8B4A-11D0-8D11-00A0C91BC942}") = "Bai02", "Bai02\Bai02.vcxproj", "{74588B03-8307-4972-9B0E-58E977ABE279}"
EndProject
Project("{8BC9CEB8-8B4A-11D0-8D11-00A0C91BC942}") = "Bai04", "Bai04\Bai04.vcxproj", "{C806E560-1535-4648-86BD-0E6705A99948}"
EndProject
Project("{8BC9CEB8-8B4A-11D0-8D11-00A0C91BC942}") = "Bai10", "Bai10\Bai10.vcxproj", "{68121390-0E69-432E-A9AA-60212BBA5551}"
EndProject
Project("{8BC9CEB8-8B4A-11D0-8D11-00A0C91BC942}") = "Bai11", "Bai11\Bai11.vcxproj", "{130EC598-917E-4F8B-8695-AA866B1EC0B4}"
EndProject
Project("{8BC9CEB8-8B4A-11D0-8D11-00A0C91BC942}") = "Bai12", "Bai12\Bai12.vcxproj", "{0A176C47-143A-4180-A65C-E3640B117CAF}"
EndProject
Project("{8BC9CEB8-8B4A-11D0-8D11-00A0C91BC942}") = "Bai14", "Bai14\Bai14.vcxproj", "{3696E657-5125-44A6-836A-4C8FD6C13F7F}"
EndProject
Project("{8BC9CEB8-8B4A-11D0-8D11-00A0C91BC942}") = "Bai15", "Bai15\Bai15.vcxproj", "{140C0F4A-AE95-4033-BCC9-9B2B18E527A7}"
EndProject
Project("{8BC9CEB8-8B4A-11D0-8D11-00A0C91BC942}") = "Bai16", "Bai16\Bai16.vcxproj", "{7BBDEC3C-CA22-4CAF-AC06-77F94FD13656}"
EndProject
Project("{8BC9CEB8-8B4A-11D0-8D11-00A0C91BC942}") = "Bai17", "Bai17\Bai17.vcxproj", "{6CB0E68D-AFA6-49F8-93CC-6B620498898F}"
EndProject
Project("{8BC9CEB8-8B4A-11D0-8D11-00A0C91BC942}") = "Bai18", "Bai18\Bai18.vcxproj", "{40A23A87-E484-433F-9C6B-31F323FBAFAE}"
EndProject
Project("{8BC9CEB8-8B4A-11D0-8D11-00A0C91BC942}") = "Bai27", "Bai27\Bai27.vcxproj", "{9C142A3B-76AC-4EAF-A146-A47FA296A3FA}"
EndProject
Project("{8BC9CEB8-8B4A-11D0-8D11-00A0C91BC942}") = "Bai37", "Bai37\Bai37.vcxproj", "{359773ED-2939-4F5A-A78D-21EC2FB68B22}"
EndProject
Global
	GlobalSection(SolutionConfigurationPlatforms) = preSolution
		Debug|x64 = Debug|x64
		Debug|x86 = Debug|x86
		Release|x64 = Release|x64
		Release|x86 = Release|x86
	EndGlobalSection
	GlobalSection(ProjectConfigurationPlatforms) = postSolution
		{F63CA525-ED24-4675-97EF-7E8B8D7D16B1}.Debug|x64.ActiveCfg = Debug|x64
		{F63CA525-ED24-4675-97EF-7E8B8D7D16B1}.Debug|x64.Build.0 = Debug|x64
		{F63CA525-ED24-4675-97EF-7E8B8D7D16B1}.Debug|x86.ActiveCfg = Debug|Win32
		{F63CA525-ED24-4675-97EF-7E8B8D7D16B1}.Debug|x86.Build.0 = Debug|Win32
		{F63CA525-ED24-4675-97EF-7E8B8D7D16B1}.Release|x64.ActiveCfg = Release|x64
		{F63CA525-ED24-4675-97EF-7E8B8D7D16B1}.Release|x64.Build.0 = Release|x64
		{F63CA525-ED24-4675-97EF-7E8B8D7D16B1}.Release|x86.ActiveCfg = Release|Win32
		{F63CA525-ED24-4675-97EF-7E8B8D7D16B1}.Release|x86.Build.0 = Release|Win32
		{EDC789DB-43E5-44CE-8861-4984A5E32993}.Debug|x64.ActiveCfg = Debug|x64
		{EDC789DB-43E5-44CE-8861-4984A5E32993}.Debug|x64.Build.0 = Debug|x64
		{EDC789DB-43E5-44CE-8861-4984A5E32993}.Debug|x86.ActiveCfg = Debug|Win32
		{EDC789DB-43E5-44CE-8861-4984A5E32993}.Debug|x86.Build.0 = Debug|Win32
		{EDC789DB-43E5-44CE-8861-4984A5E32993}.Release|x64.ActiveCfg = Release|x64
		{EDC789DB-43E5-44CE-8861-4984A5E32993}.Release|x64.Build.0 = Release|x64
		{EDC789DB-43E5-44CE-8861-4984A5E32993}.Release|x86.ActiveCfg = Release|Win32
		{EDC789DB-43E5-44CE-8861-4984A5E32993}.Release|x86.Build.0 = Release|Win32
		{3760E180-A6CA-4A58-A696-8AE001792AF9}.Debug|x64.ActiveCfg = Debug|x64
		{3760E180-A6CA-4A58-A696-8AE001792AF9}.Debug|x64.Build.0 = Debug|x64
		{3760E180-A6CA-4A58-A696-8AE001792AF9}.Debug|x86.ActiveCfg = Debug|Win32
		{3760E180-A6CA-4A58-A696-8AE001792AF9}.Debug|x86.Build.0 = Debug|Win32
		{3760E180-A6CA-4A58-A696-8AE001792AF9}.Release|x64.ActiveCfg = Release|x64
		{3760E180-A6CA-4A58-A696-8AE001792AF9}.Release|x64.Build.0 = Release|x64
		{3760E180-A6CA-4A58-A696-8AE001792AF9}.Release|x86.ActiveCfg = Release|Win32
		{3760E180-A6CA-4A58-A696-8AE001792AF9}.Release|x86.Build.0 = Release|Win32
		{098240EE-1975-4995-8C3B-F52066412EFE}.Debug|x64.ActiveCfg = Debug|x64
		{098240EE-1975-4995-8C3B-F52066412EFE}.Debug|x64.Build.0 = Debug|x64
		{098240EE-1975-4995-8C3B-F52066412EFE}.Debug|x86.ActiveCfg = Debug|Win32
		{098240EE-1975-4995-8C3B-F52066412EFE}.Debug|x86.Build.0 = Debug|Win32
		{098240EE-1975-4995-8C3B-F52066412EFE}.Release|x64.ActiveCfg = Release|x64
		{098240EE-1975-4995-8C3B-F52066412EFE}.Release|x64.Build.0 = Release|x64
		{098240EE-1975-4995-8C3B-F52066412EFE}.Release|x86.ActiveCfg = Release|Win32
		{098240EE-1975-4995-8C3B-F52066412EFE}.Release|x86.Build.0 = Release|Win32
		{74588B03-8307-4972-9B0E-58E977ABE279}.Debug|x64.ActiveCfg = Debug|x64
		{74588B03-8307-4972-9B0E-58E977ABE279}.Debug|x64.Build.0 = Debug|x64
		{74588B03-8307-4972-9B0E-58E977ABE279}.Debug|x86.ActiveCfg = Debug|Win32
		{74588B03-8307-4972-9B0E-58E977ABE279}.Debug|x86.Build.0 = Debug|Win32
		{74588B03-8307-4972-9B0E-58E977ABE279}.Release|x64.ActiveCfg = Release|x64
		{74588B03-8307-4972-9B0E-58E977ABE279}.Release|x64.Build.0 = Release|x64
		{74588B03-8307-4972-9B0E-58E977ABE279}.Release|x86.ActiveCfg = Release|Win32
		{74588B03-8307-4972-9B0E-58E977ABE279}.Release|x86.Build.0 = Release|Win32
		{C806E560-1535-4648-86BD-0E6705A99948}.Debug|x64.ActiveCfg = Debug|x64
		{C806E560-1535-4648-86BD-0E6705A99948}.Debug|x64.Build.0 = Debug|x64
		{C806E560-1535-4648-86BD-0E6705A99948}.Debug|x86.ActiveCfg = Debug|Win32
		{C806E560-1535-4648-86BD-0E6705A99948}.Debug|x86.Build.0 = Debug|Win32
		{C806E560-1535-4648-86BD-0E6705A99948}.Release|x64.ActiveCfg = Release|x64
		{C806E560-1535-4648-86BD-0E6705A99948}.Release|x64.Build.0 = Release|x64
		{C806E560-1535-4648-86BD-0E6705A99948}.Release|x86.ActiveCfg = Release|Win32
		{C806E560-1535-4648-86BD-0E6705A99948}.Release|x86.Build.0 = Release|Win32
		{68121390-0E69-432E-A9AA-60212BBA5551}.Debug|x64.ActiveCfg = Debug|x64
		{68121390-0E69-432E-A9AA-60212BBA5551}.Debug|x64.Build.0 = Debug|x64
		{68121390-0E69-432E-A9AA-60212BBA5551}.Debug|x86.ActiveCfg = Debug|Win32
		{68121390-0E69-432E-A9AA-60212BBA5551}.Debug|x86.Build.0 = Debug|Win32
		{68121390-0E69-432E-A9AA-60212BBA5551}.Release|x64.ActiveCfg = Release|x64
		{68121390-0E69-432E-A9AA-60212BBA5551}.Release|x64.Build.0 = Release|x64
		{68121390-0E69-432E-A9AA-60212BBA5551}.Release|x86.ActiveCfg = Release|Win32
		{68121390-0E69-432E-A9AA-60212BBA5551}.Release|x86.Build.0 = Release|Win32
		{130EC598-917E-4F8B-8695-AA866B1EC0B4}.Debug|x64.ActiveCfg = Debug|x64
		{130EC598-917E-4F8B-8695-AA866B1EC0B4}.Debug|x64.Build.0 = Debug|x64
		{130EC598-917E-4F8B-8695-AA866B1EC0B4}.Debug|x86.ActiveCfg = Debug|Win32
		{130EC598-917E-4F8B-8695-AA866B1EC0B4}.Debug|x86.Build.0 = Debug|Win32
		{130EC598-917E-4F8B-8695-AA866B1EC0B4}.Release|x64.ActiveCfg = Release|x64
		{130EC598-917E-4F8B-8695-AA866B1EC0B4}.Release|x64.Build.0 = Release|x64
		{130EC598-917E-4F8B-8695-AA866B1EC0B4}.Release|x86.ActiveCfg = Release|Win32
		{130EC598-917E-4F8B-8695-AA866B1EC0B4}.Release|x86.Build.0 = Release|Win32
		{0A176C47-143A-4180-A65C-E3640B117CAF}.Debug|x64.ActiveCfg = Debug|x64
		{0A176C47-143A-4180-A65C-E3640B117CAF}.Debug|x64.Build.0 = Debug|x64
		{0A176C47-143A-4180-A65C-E3640B117CAF}.Debug|x86.ActiveCfg = Debug|Win32
		{0A176C47-143A-4180-A65C-E3640B117CAF}.Debug|x86.Build.0 = Debug|Win32
		{0A176C47-143A-4180-A65C-E3640B117CAF}.Release|x64.ActiveCfg = Release|x64
		{0A176C47-143A-4180-A65C-E3640B117CAF}.Release|x64.Build.0 = Release|x64
		{0A176C47-143A-4180-A65C-E3640B117CAF}.Release|x86.ActiveCfg = Release|Win32
		{0A176C47-143A-4180-A65C-E3640B117CAF}.Release|x86.Build.0 = Release|Win32
		{3696E657-5125-44A6-836A-4C8FD6C13F7F}.Debug|x64.ActiveCfg = Debug|x64
		{3696E657-5125-44A6-836A-4C8FD6C13F7F}.Debug|x64.Build.0 = Debug|x64
		{3696E657-5125-44A6-836A-4C8FD6C13F7F}.Debug|x86.ActiveCfg = Debug|Win32
		{3696E657-5125-44A6-836A-4C8FD6C13F7F}.Debug|x86.Build.0 = Debug|Win32
		{3696E657-5125-44A6-836A-4C8FD6C13F7F}.Release|x64.ActiveCfg = Release|x64
		{3696E657-5125-44A6-836A-4C8FD6C13F7F}.Release|x64.Build.0 = Release|x64
		{3696E657-5125-44A6-836A-4C8FD6C13F7F}.Release|x86.ActiveCfg = Release|Win32
		{3696E657-5125-44A6-836A-4C8FD6C13F7F}.Release|x86.Build.0 = Release|Win32
		{140C0F4A-AE95-4033-BCC9-9B2B18E527A7}.Debug|x64.ActiveCfg = Debug|x64
		{140C0F4A-AE95-4033-BCC9-9B2B18E527A7}.Debug|x64.Build.0 = Debug|x64
		{140C0F4A-AE95-4033-BCC9-9B2B18E527A7}.Debug|x86.ActiveCfg = Debug|Win32
		{140C0F4A-AE95-4033-BCC9-9B2B18E527A7}.Debug|x86.Build.0 = Debug|Win32
		{140C0F4A-AE95-4033-BCC9-9B2B18E527A7}.Release|x64.ActiveCfg = Release|x64
		{140C0F4A-AE95-4033-BCC9-9B2B18E527A7}.Release|x64.Build.0 = Release|x64
		{140C0F4A-AE95-4033-BCC9-9B2B18E527A7}.Release|x86.ActiveCfg = Release|Win32
		{140C0F4A-AE95-4033-BCC9-9B2B18E527A7}.Release|x86.Build.0 = Release|Win32
		{7BBDEC3C-CA22-4CAF-AC06-77F94FD13656}.Debug|x64.ActiveCfg = Debug|x64
		{7BBDEC3C-CA22-4CAF-AC06-77F94FD13656}.Debug|x64.Build.0 = Debug|x64
		{7BBDEC3C-CA22-4CAF-AC06-77F94FD13656}.Debug|x86.ActiveCfg = Debug|Win32
		{7BBDEC3C-CA22-4CAF-AC06-77F94FD13656}.Debug|x86.Build.0 = Debug|Win32
		{7BBDEC3C-CA22-4CAF-AC06-77F94FD13656}.Release|x64.ActiveCfg = Release|x64
		{7BBDEC3C-CA22-4CAF-AC06-77F94FD13656}.Release|x64.Build.0 = Release|x64
		{7BBDEC3C-CA22-4CAF-AC06-77F94FD13656}.Release|x86.ActiveCfg = Release|Win32
		{7BBDEC3C-CA22-4CAF-AC06-77F94FD13656}.Release|x86.Build.0 = Release|Win32
		{6CB0E68D-AFA6-49F8-93CC-6B620498898F}.Debug|x64.ActiveCfg = Debug|x64
		{6CB0E68D-AFA6-49F8-93CC-6B620498898F}.Debug|x64.Build.0 = Debug|x64
		{6CB0E68D-AFA6-49F8-93CC-6B620498898F}.Debug|x86.ActiveCfg = Debug|Win32
		{6CB0E68D-AFA6-49F8-93CC-6B620498898F}.Debug|x86.Build.0 = Debug|Win32
		{6CB0E68D-AFA6-49F8-93CC-6B620498898F}.Release|x64.ActiveCfg = Release|x64
		{6CB0E68D-AFA6-49F8-93CC-6B620498898F}.Release|x64.Build.0 = Release|x64
		{6CB0E68D-AFA6-49F8-93CC-6B620498898F}.Release|x86.ActiveCfg = Release|Win32
		{6CB0E68D-AFA6-49F8-93CC-6B620498898F}.Release|x86.Build.0 = Release|Win32
		{40A23A87-E484-433F-9C6B-31F323FBAFAE}.Debug|x64.ActiveCfg = Debug|x64
		{40A23A87-E484-433F-9C6B-31F323FBAFAE}.Debug|x64.Build.0 = Debug|x64
		{40A23A87-E484-433F-9C6B-31F323FBAFAE}.Debug|x86.ActiveCfg = Debug|Win32
		{40A23A87-E484-433F-9C6B-31F323FBAFAE}.Debug|x86.Build.0 = Debug|Win32
		{40A23A87-E484-433F-9C6B-31F323FBAFAE}.Release|x64.ActiveCfg = Release|x64
		{40A23A87-E484-433F-9C6B-31F323FBAFAE}.Release|x64.Build.0 = Release|x64
		{40A23A87-E484-433F-9C6B-31F323FBAFAE}.Release|x86.ActiveCfg = Release|Win32
		{40A23A87-E484-433F-9C6B-31F323FBAFAE}.Release|x86.Build.0 = Release|Win32
		{9C142A3B-76AC-4EAF-A146-A47FA296A3FA}.Debug|x64.ActiveCfg = Debug|x64
		{9C142A3B-76AC-4EAF-A146-A47FA296A3FA}.Debug|x64.Build.0 = Debug|x64
		{9C142A3B-76AC-4EAF-A146-A47FA296A3FA}.Debug|x86.ActiveCfg = Debug|Win32
		{9C142A3B-76AC-4EAF-A146-A47FA296A3FA}.Debug|x86.Build.0 = Debug|Win32
		{9C142A3B-76AC-4EAF-A146-A47FA296A3FA}.Release|x64.ActiveCfg = Release|x64
		{9C142A3B-76AC-4EAF-A146-A47FA296A3FA}.Release|x64.Build.0 = Release|x64
		{9C142A3B-76AC-4EAF-A146-A47FA296A3FA}.Release|x86.ActiveCfg = Release|Win32
		{9C142A3B-76AC-4EAF-A146-A47FA296A3FA}.Release|x86.Build.0 = Release|Win32
		{359773ED-2939-4F5A-A78D-21EC2FB68B22}.Debug|x64.ActiveCfg = Debug|x64
		{359773ED-2939-4F5A-A78D-21EC2FB68B22}.Debug|x64.Build.0 = Debug|x64
		{359773ED-2939-4F5A-A78D-21EC2FB68B22}.Debug|x86.ActiveCfg = Debug|Win32
		{359773ED-2939-4F5A-A78D-21EC2FB68B22}.Debug|x86.Build.0 = Debug|Win32
		{359773ED-2939-4F5A-A78D-21EC2FB68B22}.Release|x64.ActiveCfg = Release|x64
		{359773ED-2939-4F5A-A78D-21EC2FB68B22}.Release|x64.Build.0 = Release|x64
		{359773ED-2939-4F5A-A78D-21EC2FB68B22}.Release|x86.ActiveCfg = Release|Win32
		{359773ED-2939-4F5A-A78D-21EC2FB68B22}.Release|x86.Build.0 = Release|Win32
	EndGlobalSection
	GlobalSection(SolutionProperties) = preSolution
		HideSolutionNode = FALSE
	EndGlobalSection
	GlobalSection(ExtensibilityGlobals) = postSolution
		SolutionGuid = {5B7C9FDA-44BC-40E8-821D-0C6C257C0BE8}
	EndGlobalSection
EndGlobal
