
Microsoft Visual Studio Solution File, Format Version 12.00
# Visual Studio Version 17
VisualStudioVersion = 17.5.33414.496
MinimumVisualStudioVersion = 10.0.40219.1
Project("{8BC9CEB8-8B4A-11D0-8D11-00A0C91BC942}") = "Bai01", "Bai01\Bai01.vcxproj", "{F2E0B4B6-09DB-457D-8128-B3FE3C04BD70}"
EndProject
Project("{8BC9CEB8-8B4A-11D0-8D11-00A0C91BC942}") = "Bai07", "Bai07\Bai07.vcxproj", "{E23392DF-E1BC-4B79-8E87-6FE65A8F9C5B}"
EndProject
Project("{8BC9CEB8-8B4A-11D0-8D11-00A0C91BC942}") = "Bai00-Ly Thuyet", "Bai00-Ly Thuyet\Bai00-Ly Thuyet.vcxproj", "{5DB36209-0DAC-4980-A81D-A56FD232C23F}"
EndProject
Project("{8BC9CEB8-8B4A-11D0-8D11-00A0C91BC942}") = "Bai02", "Bai02\Bai02.vcxproj", "{ABF96EF4-45B2-46A7-A99E-51AD4DE74244}"
EndProject
Project("{8BC9CEB8-8B4A-11D0-8D11-00A0C91BC942}") = "Bai03", "Bai03\Bai03.vcxproj", "{80111842-FD94-4FB3-92D6-B0F6DCB02BAD}"
EndProject
Project("{8BC9CEB8-8B4A-11D0-8D11-00A0C91BC942}") = "Bai04", "Bai04\Bai04.vcxproj", "{7D67CED9-D1DB-4A83-916F-929BB2C6D6BB}"
EndProject
Project("{8BC9CEB8-8B4A-11D0-8D11-00A0C91BC942}") = "Bai05", "Bai05\Bai05.vcxproj", "{2D85B0F7-CFE0-4748-8ADB-C8EB04F35FE3}"
EndProject
Project("{8BC9CEB8-8B4A-11D0-8D11-00A0C91BC942}") = "Bai06", "Bai06\Bai06.vcxproj", "{ED76001F-D194-4351-9BC2-1242F79500C0}"
EndProject
Project("{8BC9CEB8-8B4A-11D0-8D11-00A0C91BC942}") = "Bai08", "Bai08\Bai08.vcxproj", "{8A563BBD-4DFE-4A54-AE83-E9C3CFA9BF60}"
EndProject
Project("{8BC9CEB8-8B4A-11D0-8D11-00A0C91BC942}") = "Bai09", "Bai09\Bai09.vcxproj", "{D1EE243E-95BF-46F6-A2F9-623F17D1FE23}"
EndProject
Project("{8BC9CEB8-8B4A-11D0-8D11-00A0C91BC942}") = "Bai10", "Bai10\Bai10.vcxproj", "{2ED1570E-EB6D-4355-95D3-1FE321C9082E}"
EndProject
Project("{8BC9CEB8-8B4A-11D0-8D11-00A0C91BC942}") = "Bai18", "Bai18\Bai18.vcxproj", "{A5CF0A0D-195E-4A79-A8E2-D98E8A1DB475}"
EndProject
Project("{8BC9CEB8-8B4A-11D0-8D11-00A0C91BC942}") = "Bai14", "Bai14\Bai14.vcxproj", "{DE4E02BB-896F-4465-9494-67760B887525}"
EndProject
Project("{8BC9CEB8-8B4A-11D0-8D11-00A0C91BC942}") = "Bai11", "Bai11\Bai11.vcxproj", "{ABAA6C63-71FB-4FEB-9A16-67691A93FCBF}"
EndProject
Project("{8BC9CEB8-8B4A-11D0-8D11-00A0C91BC942}") = "Bai12", "Bai12\Bai12.vcxproj", "{58A438E4-7820-4249-9F8E-B3BA14207820}"
EndProject
Project("{8BC9CEB8-8B4A-11D0-8D11-00A0C91BC942}") = "Bai13", "Bai13\Bai13.vcxproj", "{AA417245-81D9-4FFC-845F-2BCC0AECC485}"
EndProject
Project("{8BC9CEB8-8B4A-11D0-8D11-00A0C91BC942}") = "Bai15", "Bai15\Bai15.vcxproj", "{9F8DF1DC-1560-482F-8280-B231A217CB9C}"
EndProject
Project("{8BC9CEB8-8B4A-11D0-8D11-00A0C91BC942}") = "Bai16", "Bai16\Bai16.vcxproj", "{D806B693-B16B-4FFE-812B-7D40F406FEAE}"
EndProject
Project("{8BC9CEB8-8B4A-11D0-8D11-00A0C91BC942}") = "Bai19", "Bai19\Bai19.vcxproj", "{044E6DC5-630E-4B55-8BFB-E1AA9F4DDF73}"
EndProject
Project("{8BC9CEB8-8B4A-11D0-8D11-00A0C91BC942}") = "Bai20", "Bai20\Bai20.vcxproj", "{27F4C1BF-2D1A-49A5-883E-937CAB0BAE16}"
EndProject
Project("{8BC9CEB8-8B4A-11D0-8D11-00A0C91BC942}") = "Bai21", "Bai21\Bai21.vcxproj", "{EDBBC245-6F18-4AFC-BC8B-44AABE52D664}"
EndProject
Project("{8BC9CEB8-8B4A-11D0-8D11-00A0C91BC942}") = "Bai22", "Bai22\Bai22.vcxproj", "{29198809-D68B-4BC5-A171-BA2277FC44AD}"
EndProject
Project("{8BC9CEB8-8B4A-11D0-8D11-00A0C91BC942}") = "test", "test\test.vcxproj", "{FD331882-8B4B-40A4-924F-820B7D048D98}"
EndProject
Global
	GlobalSection(SolutionConfigurationPlatforms) = preSolution
		Debug|x64 = Debug|x64
		Debug|x86 = Debug|x86
		Release|x64 = Release|x64
		Release|x86 = Release|x86
	EndGlobalSection
	GlobalSection(ProjectConfigurationPlatforms) = postSolution
		{F2E0B4B6-09DB-457D-8128-B3FE3C04BD70}.Debug|x64.ActiveCfg = Debug|x64
		{F2E0B4B6-09DB-457D-8128-B3FE3C04BD70}.Debug|x64.Build.0 = Debug|x64
		{F2E0B4B6-09DB-457D-8128-B3FE3C04BD70}.Debug|x86.ActiveCfg = Debug|Win32
		{F2E0B4B6-09DB-457D-8128-B3FE3C04BD70}.Debug|x86.Build.0 = Debug|Win32
		{F2E0B4B6-09DB-457D-8128-B3FE3C04BD70}.Release|x64.ActiveCfg = Release|x64
		{F2E0B4B6-09DB-457D-8128-B3FE3C04BD70}.Release|x64.Build.0 = Release|x64
		{F2E0B4B6-09DB-457D-8128-B3FE3C04BD70}.Release|x86.ActiveCfg = Release|Win32
		{F2E0B4B6-09DB-457D-8128-B3FE3C04BD70}.Release|x86.Build.0 = Release|Win32
		{E23392DF-E1BC-4B79-8E87-6FE65A8F9C5B}.Debug|x64.ActiveCfg = Debug|x64
		{E23392DF-E1BC-4B79-8E87-6FE65A8F9C5B}.Debug|x64.Build.0 = Debug|x64
		{E23392DF-E1BC-4B79-8E87-6FE65A8F9C5B}.Debug|x86.ActiveCfg = Debug|Win32
		{E23392DF-E1BC-4B79-8E87-6FE65A8F9C5B}.Debug|x86.Build.0 = Debug|Win32
		{E23392DF-E1BC-4B79-8E87-6FE65A8F9C5B}.Release|x64.ActiveCfg = Release|x64
		{E23392DF-E1BC-4B79-8E87-6FE65A8F9C5B}.Release|x64.Build.0 = Release|x64
		{E23392DF-E1BC-4B79-8E87-6FE65A8F9C5B}.Release|x86.ActiveCfg = Release|Win32
		{E23392DF-E1BC-4B79-8E87-6FE65A8F9C5B}.Release|x86.Build.0 = Release|Win32
		{5DB36209-0DAC-4980-A81D-A56FD232C23F}.Debug|x64.ActiveCfg = Debug|x64
		{5DB36209-0DAC-4980-A81D-A56FD232C23F}.Debug|x64.Build.0 = Debug|x64
		{5DB36209-0DAC-4980-A81D-A56FD232C23F}.Debug|x86.ActiveCfg = Debug|Win32
		{5DB36209-0DAC-4980-A81D-A56FD232C23F}.Debug|x86.Build.0 = Debug|Win32
		{5DB36209-0DAC-4980-A81D-A56FD232C23F}.Release|x64.ActiveCfg = Release|x64
		{5DB36209-0DAC-4980-A81D-A56FD232C23F}.Release|x64.Build.0 = Release|x64
		{5DB36209-0DAC-4980-A81D-A56FD232C23F}.Release|x86.ActiveCfg = Release|Win32
		{5DB36209-0DAC-4980-A81D-A56FD232C23F}.Release|x86.Build.0 = Release|Win32
		{ABF96EF4-45B2-46A7-A99E-51AD4DE74244}.Debug|x64.ActiveCfg = Debug|x64
		{ABF96EF4-45B2-46A7-A99E-51AD4DE74244}.Debug|x64.Build.0 = Debug|x64
		{ABF96EF4-45B2-46A7-A99E-51AD4DE74244}.Debug|x86.ActiveCfg = Debug|Win32
		{ABF96EF4-45B2-46A7-A99E-51AD4DE74244}.Debug|x86.Build.0 = Debug|Win32
		{ABF96EF4-45B2-46A7-A99E-51AD4DE74244}.Release|x64.ActiveCfg = Release|x64
		{ABF96EF4-45B2-46A7-A99E-51AD4DE74244}.Release|x64.Build.0 = Release|x64
		{ABF96EF4-45B2-46A7-A99E-51AD4DE74244}.Release|x86.ActiveCfg = Release|Win32
		{ABF96EF4-45B2-46A7-A99E-51AD4DE74244}.Release|x86.Build.0 = Release|Win32
		{80111842-FD94-4FB3-92D6-B0F6DCB02BAD}.Debug|x64.ActiveCfg = Debug|x64
		{80111842-FD94-4FB3-92D6-B0F6DCB02BAD}.Debug|x64.Build.0 = Debug|x64
		{80111842-FD94-4FB3-92D6-B0F6DCB02BAD}.Debug|x86.ActiveCfg = Debug|Win32
		{80111842-FD94-4FB3-92D6-B0F6DCB02BAD}.Debug|x86.Build.0 = Debug|Win32
		{80111842-FD94-4FB3-92D6-B0F6DCB02BAD}.Release|x64.ActiveCfg = Release|x64
		{80111842-FD94-4FB3-92D6-B0F6DCB02BAD}.Release|x64.Build.0 = Release|x64
		{80111842-FD94-4FB3-92D6-B0F6DCB02BAD}.Release|x86.ActiveCfg = Release|Win32
		{80111842-FD94-4FB3-92D6-B0F6DCB02BAD}.Release|x86.Build.0 = Release|Win32
		{7D67CED9-D1DB-4A83-916F-929BB2C6D6BB}.Debug|x64.ActiveCfg = Debug|x64
		{7D67CED9-D1DB-4A83-916F-929BB2C6D6BB}.Debug|x64.Build.0 = Debug|x64
		{7D67CED9-D1DB-4A83-916F-929BB2C6D6BB}.Debug|x86.ActiveCfg = Debug|Win32
		{7D67CED9-D1DB-4A83-916F-929BB2C6D6BB}.Debug|x86.Build.0 = Debug|Win32
		{7D67CED9-D1DB-4A83-916F-929BB2C6D6BB}.Release|x64.ActiveCfg = Release|x64
		{7D67CED9-D1DB-4A83-916F-929BB2C6D6BB}.Release|x64.Build.0 = Release|x64
		{7D67CED9-D1DB-4A83-916F-929BB2C6D6BB}.Release|x86.ActiveCfg = Release|Win32
		{7D67CED9-D1DB-4A83-916F-929BB2C6D6BB}.Release|x86.Build.0 = Release|Win32
		{2D85B0F7-CFE0-4748-8ADB-C8EB04F35FE3}.Debug|x64.ActiveCfg = Debug|x64
		{2D85B0F7-CFE0-4748-8ADB-C8EB04F35FE3}.Debug|x64.Build.0 = Debug|x64
		{2D85B0F7-CFE0-4748-8ADB-C8EB04F35FE3}.Debug|x86.ActiveCfg = Debug|Win32
		{2D85B0F7-CFE0-4748-8ADB-C8EB04F35FE3}.Debug|x86.Build.0 = Debug|Win32
		{2D85B0F7-CFE0-4748-8ADB-C8EB04F35FE3}.Release|x64.ActiveCfg = Release|x64
		{2D85B0F7-CFE0-4748-8ADB-C8EB04F35FE3}.Release|x64.Build.0 = Release|x64
		{2D85B0F7-CFE0-4748-8ADB-C8EB04F35FE3}.Release|x86.ActiveCfg = Release|Win32
		{2D85B0F7-CFE0-4748-8ADB-C8EB04F35FE3}.Release|x86.Build.0 = Release|Win32
		{ED76001F-D194-4351-9BC2-1242F79500C0}.Debug|x64.ActiveCfg = Debug|x64
		{ED76001F-D194-4351-9BC2-1242F79500C0}.Debug|x64.Build.0 = Debug|x64
		{ED76001F-D194-4351-9BC2-1242F79500C0}.Debug|x86.ActiveCfg = Debug|Win32
		{ED76001F-D194-4351-9BC2-1242F79500C0}.Debug|x86.Build.0 = Debug|Win32
		{ED76001F-D194-4351-9BC2-1242F79500C0}.Release|x64.ActiveCfg = Release|x64
		{ED76001F-D194-4351-9BC2-1242F79500C0}.Release|x64.Build.0 = Release|x64
		{ED76001F-D194-4351-9BC2-1242F79500C0}.Release|x86.ActiveCfg = Release|Win32
		{ED76001F-D194-4351-9BC2-1242F79500C0}.Release|x86.Build.0 = Release|Win32
		{8A563BBD-4DFE-4A54-AE83-E9C3CFA9BF60}.Debug|x64.ActiveCfg = Debug|x64
		{8A563BBD-4DFE-4A54-AE83-E9C3CFA9BF60}.Debug|x64.Build.0 = Debug|x64
		{8A563BBD-4DFE-4A54-AE83-E9C3CFA9BF60}.Debug|x86.ActiveCfg = Debug|Win32
		{8A563BBD-4DFE-4A54-AE83-E9C3CFA9BF60}.Debug|x86.Build.0 = Debug|Win32
		{8A563BBD-4DFE-4A54-AE83-E9C3CFA9BF60}.Release|x64.ActiveCfg = Release|x64
		{8A563BBD-4DFE-4A54-AE83-E9C3CFA9BF60}.Release|x64.Build.0 = Release|x64
		{8A563BBD-4DFE-4A54-AE83-E9C3CFA9BF60}.Release|x86.ActiveCfg = Release|Win32
		{8A563BBD-4DFE-4A54-AE83-E9C3CFA9BF60}.Release|x86.Build.0 = Release|Win32
		{D1EE243E-95BF-46F6-A2F9-623F17D1FE23}.Debug|x64.ActiveCfg = Debug|x64
		{D1EE243E-95BF-46F6-A2F9-623F17D1FE23}.Debug|x64.Build.0 = Debug|x64
		{D1EE243E-95BF-46F6-A2F9-623F17D1FE23}.Debug|x86.ActiveCfg = Debug|Win32
		{D1EE243E-95BF-46F6-A2F9-623F17D1FE23}.Debug|x86.Build.0 = Debug|Win32
		{D1EE243E-95BF-46F6-A2F9-623F17D1FE23}.Release|x64.ActiveCfg = Release|x64
		{D1EE243E-95BF-46F6-A2F9-623F17D1FE23}.Release|x64.Build.0 = Release|x64
		{D1EE243E-95BF-46F6-A2F9-623F17D1FE23}.Release|x86.ActiveCfg = Release|Win32
		{D1EE243E-95BF-46F6-A2F9-623F17D1FE23}.Release|x86.Build.0 = Release|Win32
		{2ED1570E-EB6D-4355-95D3-1FE321C9082E}.Debug|x64.ActiveCfg = Debug|x64
		{2ED1570E-EB6D-4355-95D3-1FE321C9082E}.Debug|x64.Build.0 = Debug|x64
		{2ED1570E-EB6D-4355-95D3-1FE321C9082E}.Debug|x86.ActiveCfg = Debug|Win32
		{2ED1570E-EB6D-4355-95D3-1FE321C9082E}.Debug|x86.Build.0 = Debug|Win32
		{2ED1570E-EB6D-4355-95D3-1FE321C9082E}.Release|x64.ActiveCfg = Release|x64
		{2ED1570E-EB6D-4355-95D3-1FE321C9082E}.Release|x64.Build.0 = Release|x64
		{2ED1570E-EB6D-4355-95D3-1FE321C9082E}.Release|x86.ActiveCfg = Release|Win32
		{2ED1570E-EB6D-4355-95D3-1FE321C9082E}.Release|x86.Build.0 = Release|Win32
		{A5CF0A0D-195E-4A79-A8E2-D98E8A1DB475}.Debug|x64.ActiveCfg = Debug|x64
		{A5CF0A0D-195E-4A79-A8E2-D98E8A1DB475}.Debug|x64.Build.0 = Debug|x64
		{A5CF0A0D-195E-4A79-A8E2-D98E8A1DB475}.Debug|x86.ActiveCfg = Debug|Win32
		{A5CF0A0D-195E-4A79-A8E2-D98E8A1DB475}.Debug|x86.Build.0 = Debug|Win32
		{A5CF0A0D-195E-4A79-A8E2-D98E8A1DB475}.Release|x64.ActiveCfg = Release|x64
		{A5CF0A0D-195E-4A79-A8E2-D98E8A1DB475}.Release|x64.Build.0 = Release|x64
		{A5CF0A0D-195E-4A79-A8E2-D98E8A1DB475}.Release|x86.ActiveCfg = Release|Win32
		{A5CF0A0D-195E-4A79-A8E2-D98E8A1DB475}.Release|x86.Build.0 = Release|Win32
		{DE4E02BB-896F-4465-9494-67760B887525}.Debug|x64.ActiveCfg = Debug|x64
		{DE4E02BB-896F-4465-9494-67760B887525}.Debug|x64.Build.0 = Debug|x64
		{DE4E02BB-896F-4465-9494-67760B887525}.Debug|x86.ActiveCfg = Debug|Win32
		{DE4E02BB-896F-4465-9494-67760B887525}.Debug|x86.Build.0 = Debug|Win32
		{DE4E02BB-896F-4465-9494-67760B887525}.Release|x64.ActiveCfg = Release|x64
		{DE4E02BB-896F-4465-9494-67760B887525}.Release|x64.Build.0 = Release|x64
		{DE4E02BB-896F-4465-9494-67760B887525}.Release|x86.ActiveCfg = Release|Win32
		{DE4E02BB-896F-4465-9494-67760B887525}.Release|x86.Build.0 = Release|Win32
		{ABAA6C63-71FB-4FEB-9A16-67691A93FCBF}.Debug|x64.ActiveCfg = Debug|x64
		{ABAA6C63-71FB-4FEB-9A16-67691A93FCBF}.Debug|x64.Build.0 = Debug|x64
		{ABAA6C63-71FB-4FEB-9A16-67691A93FCBF}.Debug|x86.ActiveCfg = Debug|Win32
		{ABAA6C63-71FB-4FEB-9A16-67691A93FCBF}.Debug|x86.Build.0 = Debug|Win32
		{ABAA6C63-71FB-4FEB-9A16-67691A93FCBF}.Release|x64.ActiveCfg = Release|x64
		{ABAA6C63-71FB-4FEB-9A16-67691A93FCBF}.Release|x64.Build.0 = Release|x64
		{ABAA6C63-71FB-4FEB-9A16-67691A93FCBF}.Release|x86.ActiveCfg = Release|Win32
		{ABAA6C63-71FB-4FEB-9A16-67691A93FCBF}.Release|x86.Build.0 = Release|Win32
		{58A438E4-7820-4249-9F8E-B3BA14207820}.Debug|x64.ActiveCfg = Debug|x64
		{58A438E4-7820-4249-9F8E-B3BA14207820}.Debug|x64.Build.0 = Debug|x64
		{58A438E4-7820-4249-9F8E-B3BA14207820}.Debug|x86.ActiveCfg = Debug|Win32
		{58A438E4-7820-4249-9F8E-B3BA14207820}.Debug|x86.Build.0 = Debug|Win32
		{58A438E4-7820-4249-9F8E-B3BA14207820}.Release|x64.ActiveCfg = Release|x64
		{58A438E4-7820-4249-9F8E-B3BA14207820}.Release|x64.Build.0 = Release|x64
		{58A438E4-7820-4249-9F8E-B3BA14207820}.Release|x86.ActiveCfg = Release|Win32
		{58A438E4-7820-4249-9F8E-B3BA14207820}.Release|x86.Build.0 = Release|Win32
		{AA417245-81D9-4FFC-845F-2BCC0AECC485}.Debug|x64.ActiveCfg = Debug|x64
		{AA417245-81D9-4FFC-845F-2BCC0AECC485}.Debug|x64.Build.0 = Debug|x64
		{AA417245-81D9-4FFC-845F-2BCC0AECC485}.Debug|x86.ActiveCfg = Debug|Win32
		{AA417245-81D9-4FFC-845F-2BCC0AECC485}.Debug|x86.Build.0 = Debug|Win32
		{AA417245-81D9-4FFC-845F-2BCC0AECC485}.Release|x64.ActiveCfg = Release|x64
		{AA417245-81D9-4FFC-845F-2BCC0AECC485}.Release|x64.Build.0 = Release|x64
		{AA417245-81D9-4FFC-845F-2BCC0AECC485}.Release|x86.ActiveCfg = Release|Win32
		{AA417245-81D9-4FFC-845F-2BCC0AECC485}.Release|x86.Build.0 = Release|Win32
		{9F8DF1DC-1560-482F-8280-B231A217CB9C}.Debug|x64.ActiveCfg = Debug|x64
		{9F8DF1DC-1560-482F-8280-B231A217CB9C}.Debug|x64.Build.0 = Debug|x64
		{9F8DF1DC-1560-482F-8280-B231A217CB9C}.Debug|x86.ActiveCfg = Debug|Win32
		{9F8DF1DC-1560-482F-8280-B231A217CB9C}.Debug|x86.Build.0 = Debug|Win32
		{9F8DF1DC-1560-482F-8280-B231A217CB9C}.Release|x64.ActiveCfg = Release|x64
		{9F8DF1DC-1560-482F-8280-B231A217CB9C}.Release|x64.Build.0 = Release|x64
		{9F8DF1DC-1560-482F-8280-B231A217CB9C}.Release|x86.ActiveCfg = Release|Win32
		{9F8DF1DC-1560-482F-8280-B231A217CB9C}.Release|x86.Build.0 = Release|Win32
		{D806B693-B16B-4FFE-812B-7D40F406FEAE}.Debug|x64.ActiveCfg = Debug|x64
		{D806B693-B16B-4FFE-812B-7D40F406FEAE}.Debug|x64.Build.0 = Debug|x64
		{D806B693-B16B-4FFE-812B-7D40F406FEAE}.Debug|x86.ActiveCfg = Debug|Win32
		{D806B693-B16B-4FFE-812B-7D40F406FEAE}.Debug|x86.Build.0 = Debug|Win32
		{D806B693-B16B-4FFE-812B-7D40F406FEAE}.Release|x64.ActiveCfg = Release|x64
		{D806B693-B16B-4FFE-812B-7D40F406FEAE}.Release|x64.Build.0 = Release|x64
		{D806B693-B16B-4FFE-812B-7D40F406FEAE}.Release|x86.ActiveCfg = Release|Win32
		{D806B693-B16B-4FFE-812B-7D40F406FEAE}.Release|x86.Build.0 = Release|Win32
		{044E6DC5-630E-4B55-8BFB-E1AA9F4DDF73}.Debug|x64.ActiveCfg = Debug|x64
		{044E6DC5-630E-4B55-8BFB-E1AA9F4DDF73}.Debug|x64.Build.0 = Debug|x64
		{044E6DC5-630E-4B55-8BFB-E1AA9F4DDF73}.Debug|x86.ActiveCfg = Debug|Win32
		{044E6DC5-630E-4B55-8BFB-E1AA9F4DDF73}.Debug|x86.Build.0 = Debug|Win32
		{044E6DC5-630E-4B55-8BFB-E1AA9F4DDF73}.Release|x64.ActiveCfg = Release|x64
		{044E6DC5-630E-4B55-8BFB-E1AA9F4DDF73}.Release|x64.Build.0 = Release|x64
		{044E6DC5-630E-4B55-8BFB-E1AA9F4DDF73}.Release|x86.ActiveCfg = Release|Win32
		{044E6DC5-630E-4B55-8BFB-E1AA9F4DDF73}.Release|x86.Build.0 = Release|Win32
		{27F4C1BF-2D1A-49A5-883E-937CAB0BAE16}.Debug|x64.ActiveCfg = Debug|x64
		{27F4C1BF-2D1A-49A5-883E-937CAB0BAE16}.Debug|x64.Build.0 = Debug|x64
		{27F4C1BF-2D1A-49A5-883E-937CAB0BAE16}.Debug|x86.ActiveCfg = Debug|Win32
		{27F4C1BF-2D1A-49A5-883E-937CAB0BAE16}.Debug|x86.Build.0 = Debug|Win32
		{27F4C1BF-2D1A-49A5-883E-937CAB0BAE16}.Release|x64.ActiveCfg = Release|x64
		{27F4C1BF-2D1A-49A5-883E-937CAB0BAE16}.Release|x64.Build.0 = Release|x64
		{27F4C1BF-2D1A-49A5-883E-937CAB0BAE16}.Release|x86.ActiveCfg = Release|Win32
		{27F4C1BF-2D1A-49A5-883E-937CAB0BAE16}.Release|x86.Build.0 = Release|Win32
		{EDBBC245-6F18-4AFC-BC8B-44AABE52D664}.Debug|x64.ActiveCfg = Debug|x64
		{EDBBC245-6F18-4AFC-BC8B-44AABE52D664}.Debug|x64.Build.0 = Debug|x64
		{EDBBC245-6F18-4AFC-BC8B-44AABE52D664}.Debug|x86.ActiveCfg = Debug|Win32
		{EDBBC245-6F18-4AFC-BC8B-44AABE52D664}.Debug|x86.Build.0 = Debug|Win32
		{EDBBC245-6F18-4AFC-BC8B-44AABE52D664}.Release|x64.ActiveCfg = Release|x64
		{EDBBC245-6F18-4AFC-BC8B-44AABE52D664}.Release|x64.Build.0 = Release|x64
		{EDBBC245-6F18-4AFC-BC8B-44AABE52D664}.Release|x86.ActiveCfg = Release|Win32
		{EDBBC245-6F18-4AFC-BC8B-44AABE52D664}.Release|x86.Build.0 = Release|Win32
		{29198809-D68B-4BC5-A171-BA2277FC44AD}.Debug|x64.ActiveCfg = Debug|x64
		{29198809-D68B-4BC5-A171-BA2277FC44AD}.Debug|x64.Build.0 = Debug|x64
		{29198809-D68B-4BC5-A171-BA2277FC44AD}.Debug|x86.ActiveCfg = Debug|Win32
		{29198809-D68B-4BC5-A171-BA2277FC44AD}.Debug|x86.Build.0 = Debug|Win32
		{29198809-D68B-4BC5-A171-BA2277FC44AD}.Release|x64.ActiveCfg = Release|x64
		{29198809-D68B-4BC5-A171-BA2277FC44AD}.Release|x64.Build.0 = Release|x64
		{29198809-D68B-4BC5-A171-BA2277FC44AD}.Release|x86.ActiveCfg = Release|Win32
		{29198809-D68B-4BC5-A171-BA2277FC44AD}.Release|x86.Build.0 = Release|Win32
		{FD331882-8B4B-40A4-924F-820B7D048D98}.Debug|x64.ActiveCfg = Debug|x64
		{FD331882-8B4B-40A4-924F-820B7D048D98}.Debug|x64.Build.0 = Debug|x64
		{FD331882-8B4B-40A4-924F-820B7D048D98}.Debug|x86.ActiveCfg = Debug|Win32
		{FD331882-8B4B-40A4-924F-820B7D048D98}.Debug|x86.Build.0 = Debug|Win32
		{FD331882-8B4B-40A4-924F-820B7D048D98}.Release|x64.ActiveCfg = Release|x64
		{FD331882-8B4B-40A4-924F-820B7D048D98}.Release|x64.Build.0 = Release|x64
		{FD331882-8B4B-40A4-924F-820B7D048D98}.Release|x86.ActiveCfg = Release|Win32
		{FD331882-8B4B-40A4-924F-820B7D048D98}.Release|x86.Build.0 = Release|Win32
	EndGlobalSection
	GlobalSection(SolutionProperties) = preSolution
		HideSolutionNode = FALSE
	EndGlobalSection
	GlobalSection(ExtensibilityGlobals) = postSolution
		SolutionGuid = {534A53F6-D675-48C8-ABAC-8376ED8CE84F}
	EndGlobalSection
EndGlobal
