
Microsoft Visual Studio Solution File, Format Version 12.00
# Visual Studio Version 17
VisualStudioVersion = 17.5.33414.496
MinimumVisualStudioVersion = 10.0.40219.1
Project("{8BC9CEB8-8B4A-11D0-8D11-00A0C91BC942}") = "Bai01", "Bai01\Bai01.vcxproj", "{45380BFA-2BA9-4997-B2ED-944737C431DC}"
EndProject
Project("{8BC9CEB8-8B4A-11D0-8D11-00A0C91BC942}") = "Bai04", "Bai04\Bai04.vcxproj", "{AFF30F42-BF71-433A-A948-2363428096B4}"
EndProject
Project("{8BC9CEB8-8B4A-11D0-8D11-00A0C91BC942}") = "Bai09", "Bai09\Bai09.vcxproj", "{4676BBC8-9601-4FCB-8BB3-7E78D06DD9DE}"
EndProject
Project("{8BC9CEB8-8B4A-11D0-8D11-00A0C91BC942}") = "Bai01.1", "Bai01.1\Bai01.1.vcxproj", "{65D82696-1895-4610-8378-8AC649CCF2F2}"
EndProject
Project("{8BC9CEB8-8B4A-11D0-8D11-00A0C91BC942}") = "Bai02", "Bai02\Bai02.vcxproj", "{66F342A8-C32B-4582-968A-81E9590AAB86}"
EndProject
Project("{8BC9CEB8-8B4A-11D0-8D11-00A0C91BC942}") = "Bai03", "Bai03\Bai03.vcxproj", "{56EB1A8D-C885-46B4-8E3B-EC091D2EC4BF}"
EndProject
Project("{8BC9CEB8-8B4A-11D0-8D11-00A0C91BC942}") = "Bai05", "Bai05\Bai05.vcxproj", "{F2DB15C4-9A1F-413C-B391-7CE9F1241AAC}"
EndProject
Project("{8BC9CEB8-8B4A-11D0-8D11-00A0C91BC942}") = "Bai06", "Bai06\Bai06.vcxproj", "{DAB15270-E1AF-4B90-B180-BB54230AAAFF}"
EndProject
Project("{8BC9CEB8-8B4A-11D0-8D11-00A0C91BC942}") = "Bai07", "Bai07\Bai07.vcxproj", "{1D087CF1-FA4B-4068-B261-4D63AB3B7D74}"
EndProject
Project("{8BC9CEB8-8B4A-11D0-8D11-00A0C91BC942}") = "Bai08", "Bai08\Bai08.vcxproj", "{FCFDD4C2-ADA0-49A9-8FCA-31C7B746138C}"
EndProject
Project("{8BC9CEB8-8B4A-11D0-8D11-00A0C91BC942}") = "Bai10", "Bai10\Bai10.vcxproj", "{FDED8D0E-B97F-48AF-91EE-61B0073F0394}"
EndProject
Project("{8BC9CEB8-8B4A-11D0-8D11-00A0C91BC942}") = "Bai11", "Bai11\Bai11.vcxproj", "{8F90A789-9B4B-4787-8BCE-C4836D0E9F54}"
EndProject
Project("{8BC9CEB8-8B4A-11D0-8D11-00A0C91BC942}") = "Bai12", "Bai12\Bai12.vcxproj", "{AB18C024-3D48-475D-AF3E-A6B25541B7CC}"
EndProject
Project("{8BC9CEB8-8B4A-11D0-8D11-00A0C91BC942}") = "Bai13", "Bai13\Bai13.vcxproj", "{4845A94C-9D8F-412C-B211-E0AB9440C34D}"
EndProject
Project("{8BC9CEB8-8B4A-11D0-8D11-00A0C91BC942}") = "Bai14", "Bai14\Bai14.vcxproj", "{35B705CB-C317-43DC-BFB8-976BCC11F096}"
EndProject
Project("{8BC9CEB8-8B4A-11D0-8D11-00A0C91BC942}") = "Bai16", "Bai16\Bai16.vcxproj", "{BB2C35FE-C710-495B-818D-5EF3358109C8}"
EndProject
Project("{8BC9CEB8-8B4A-11D0-8D11-00A0C91BC942}") = "Bai15", "Bai15\Bai15.vcxproj", "{036B9CAC-64E0-40D1-B223-839BE5921D4A}"
EndProject
Project("{8BC9CEB8-8B4A-11D0-8D11-00A0C91BC942}") = "Bai17", "Bai17\Bai17.vcxproj", "{7344149E-37CE-4FF3-A2F9-97451A02EAE7}"
EndProject
Project("{8BC9CEB8-8B4A-11D0-8D11-00A0C91BC942}") = "Bai18", "Bai18\Bai18.vcxproj", "{D61496FF-104C-4A76-9957-F69329CBAB00}"
EndProject
Project("{8BC9CEB8-8B4A-11D0-8D11-00A0C91BC942}") = "Bai19", "Bai19\Bai19.vcxproj", "{AB4213D4-57DE-48A7-A25D-A2E506289449}"
EndProject
Project("{8BC9CEB8-8B4A-11D0-8D11-00A0C91BC942}") = "Bai20", "Bai20\Bai20.vcxproj", "{30B2B76A-3404-423C-BE86-433F6581D73C}"
EndProject
Project("{8BC9CEB8-8B4A-11D0-8D11-00A0C91BC942}") = "Bai21", "Bai21\Bai21.vcxproj", "{C7112E6D-F8FE-4434-B86B-02893AC06768}"
EndProject
Project("{8BC9CEB8-8B4A-11D0-8D11-00A0C91BC942}") = "Bai22", "Bai22\Bai22.vcxproj", "{88B6CBA6-251E-49E1-A13D-452AEE910D2F}"
EndProject
Project("{8BC9CEB8-8B4A-11D0-8D11-00A0C91BC942}") = "Bai23", "Bai23\Bai23.vcxproj", "{737CD84E-48DF-4DF0-BE9E-1572D64E18F4}"
EndProject
Project("{8BC9CEB8-8B4A-11D0-8D11-00A0C91BC942}") = "Bai29", "Bai29\Bai29.vcxproj", "{4783B305-BFC9-4AAC-8821-DC7DB7C656B1}"
EndProject
Global
	GlobalSection(SolutionConfigurationPlatforms) = preSolution
		Debug|x64 = Debug|x64
		Debug|x86 = Debug|x86
		Release|x64 = Release|x64
		Release|x86 = Release|x86
	EndGlobalSection
	GlobalSection(ProjectConfigurationPlatforms) = postSolution
		{45380BFA-2BA9-4997-B2ED-944737C431DC}.Debug|x64.ActiveCfg = Debug|x64
		{45380BFA-2BA9-4997-B2ED-944737C431DC}.Debug|x64.Build.0 = Debug|x64
		{45380BFA-2BA9-4997-B2ED-944737C431DC}.Debug|x86.ActiveCfg = Debug|Win32
		{45380BFA-2BA9-4997-B2ED-944737C431DC}.Debug|x86.Build.0 = Debug|Win32
		{45380BFA-2BA9-4997-B2ED-944737C431DC}.Release|x64.ActiveCfg = Release|x64
		{45380BFA-2BA9-4997-B2ED-944737C431DC}.Release|x64.Build.0 = Release|x64
		{45380BFA-2BA9-4997-B2ED-944737C431DC}.Release|x86.ActiveCfg = Release|Win32
		{45380BFA-2BA9-4997-B2ED-944737C431DC}.Release|x86.Build.0 = Release|Win32
		{AFF30F42-BF71-433A-A948-2363428096B4}.Debug|x64.ActiveCfg = Debug|x64
		{AFF30F42-BF71-433A-A948-2363428096B4}.Debug|x64.Build.0 = Debug|x64
		{AFF30F42-BF71-433A-A948-2363428096B4}.Debug|x86.ActiveCfg = Debug|Win32
		{AFF30F42-BF71-433A-A948-2363428096B4}.Debug|x86.Build.0 = Debug|Win32
		{AFF30F42-BF71-433A-A948-2363428096B4}.Release|x64.ActiveCfg = Release|x64
		{AFF30F42-BF71-433A-A948-2363428096B4}.Release|x64.Build.0 = Release|x64
		{AFF30F42-BF71-433A-A948-2363428096B4}.Release|x86.ActiveCfg = Release|Win32
		{AFF30F42-BF71-433A-A948-2363428096B4}.Release|x86.Build.0 = Release|Win32
		{4676BBC8-9601-4FCB-8BB3-7E78D06DD9DE}.Debug|x64.ActiveCfg = Debug|x64
		{4676BBC8-9601-4FCB-8BB3-7E78D06DD9DE}.Debug|x64.Build.0 = Debug|x64
		{4676BBC8-9601-4FCB-8BB3-7E78D06DD9DE}.Debug|x86.ActiveCfg = Debug|Win32
		{4676BBC8-9601-4FCB-8BB3-7E78D06DD9DE}.Debug|x86.Build.0 = Debug|Win32
		{4676BBC8-9601-4FCB-8BB3-7E78D06DD9DE}.Release|x64.ActiveCfg = Release|x64
		{4676BBC8-9601-4FCB-8BB3-7E78D06DD9DE}.Release|x64.Build.0 = Release|x64
		{4676BBC8-9601-4FCB-8BB3-7E78D06DD9DE}.Release|x86.ActiveCfg = Release|Win32
		{4676BBC8-9601-4FCB-8BB3-7E78D06DD9DE}.Release|x86.Build.0 = Release|Win32
		{65D82696-1895-4610-8378-8AC649CCF2F2}.Debug|x64.ActiveCfg = Debug|x64
		{65D82696-1895-4610-8378-8AC649CCF2F2}.Debug|x64.Build.0 = Debug|x64
		{65D82696-1895-4610-8378-8AC649CCF2F2}.Debug|x86.ActiveCfg = Debug|Win32
		{65D82696-1895-4610-8378-8AC649CCF2F2}.Debug|x86.Build.0 = Debug|Win32
		{65D82696-1895-4610-8378-8AC649CCF2F2}.Release|x64.ActiveCfg = Release|x64
		{65D82696-1895-4610-8378-8AC649CCF2F2}.Release|x64.Build.0 = Release|x64
		{65D82696-1895-4610-8378-8AC649CCF2F2}.Release|x86.ActiveCfg = Release|Win32
		{65D82696-1895-4610-8378-8AC649CCF2F2}.Release|x86.Build.0 = Release|Win32
		{66F342A8-C32B-4582-968A-81E9590AAB86}.Debug|x64.ActiveCfg = Debug|x64
		{66F342A8-C32B-4582-968A-81E9590AAB86}.Debug|x64.Build.0 = Debug|x64
		{66F342A8-C32B-4582-968A-81E9590AAB86}.Debug|x86.ActiveCfg = Debug|Win32
		{66F342A8-C32B-4582-968A-81E9590AAB86}.Debug|x86.Build.0 = Debug|Win32
		{66F342A8-C32B-4582-968A-81E9590AAB86}.Release|x64.ActiveCfg = Release|x64
		{66F342A8-C32B-4582-968A-81E9590AAB86}.Release|x64.Build.0 = Release|x64
		{66F342A8-C32B-4582-968A-81E9590AAB86}.Release|x86.ActiveCfg = Release|Win32
		{66F342A8-C32B-4582-968A-81E9590AAB86}.Release|x86.Build.0 = Release|Win32
		{56EB1A8D-C885-46B4-8E3B-EC091D2EC4BF}.Debug|x64.ActiveCfg = Debug|x64
		{56EB1A8D-C885-46B4-8E3B-EC091D2EC4BF}.Debug|x64.Build.0 = Debug|x64
		{56EB1A8D-C885-46B4-8E3B-EC091D2EC4BF}.Debug|x86.ActiveCfg = Debug|Win32
		{56EB1A8D-C885-46B4-8E3B-EC091D2EC4BF}.Debug|x86.Build.0 = Debug|Win32
		{56EB1A8D-C885-46B4-8E3B-EC091D2EC4BF}.Release|x64.ActiveCfg = Release|x64
		{56EB1A8D-C885-46B4-8E3B-EC091D2EC4BF}.Release|x64.Build.0 = Release|x64
		{56EB1A8D-C885-46B4-8E3B-EC091D2EC4BF}.Release|x86.ActiveCfg = Release|Win32
		{56EB1A8D-C885-46B4-8E3B-EC091D2EC4BF}.Release|x86.Build.0 = Release|Win32
		{F2DB15C4-9A1F-413C-B391-7CE9F1241AAC}.Debug|x64.ActiveCfg = Debug|x64
		{F2DB15C4-9A1F-413C-B391-7CE9F1241AAC}.Debug|x64.Build.0 = Debug|x64
		{F2DB15C4-9A1F-413C-B391-7CE9F1241AAC}.Debug|x86.ActiveCfg = Debug|Win32
		{F2DB15C4-9A1F-413C-B391-7CE9F1241AAC}.Debug|x86.Build.0 = Debug|Win32
		{F2DB15C4-9A1F-413C-B391-7CE9F1241AAC}.Release|x64.ActiveCfg = Release|x64
		{F2DB15C4-9A1F-413C-B391-7CE9F1241AAC}.Release|x64.Build.0 = Release|x64
		{F2DB15C4-9A1F-413C-B391-7CE9F1241AAC}.Release|x86.ActiveCfg = Release|Win32
		{F2DB15C4-9A1F-413C-B391-7CE9F1241AAC}.Release|x86.Build.0 = Release|Win32
		{DAB15270-E1AF-4B90-B180-BB54230AAAFF}.Debug|x64.ActiveCfg = Debug|x64
		{DAB15270-E1AF-4B90-B180-BB54230AAAFF}.Debug|x64.Build.0 = Debug|x64
		{DAB15270-E1AF-4B90-B180-BB54230AAAFF}.Debug|x86.ActiveCfg = Debug|Win32
		{DAB15270-E1AF-4B90-B180-BB54230AAAFF}.Debug|x86.Build.0 = Debug|Win32
		{DAB15270-E1AF-4B90-B180-BB54230AAAFF}.Release|x64.ActiveCfg = Release|x64
		{DAB15270-E1AF-4B90-B180-BB54230AAAFF}.Release|x64.Build.0 = Release|x64
		{DAB15270-E1AF-4B90-B180-BB54230AAAFF}.Release|x86.ActiveCfg = Release|Win32
		{DAB15270-E1AF-4B90-B180-BB54230AAAFF}.Release|x86.Build.0 = Release|Win32
		{1D087CF1-FA4B-4068-B261-4D63AB3B7D74}.Debug|x64.ActiveCfg = Debug|x64
		{1D087CF1-FA4B-4068-B261-4D63AB3B7D74}.Debug|x64.Build.0 = Debug|x64
		{1D087CF1-FA4B-4068-B261-4D63AB3B7D74}.Debug|x86.ActiveCfg = Debug|Win32
		{1D087CF1-FA4B-4068-B261-4D63AB3B7D74}.Debug|x86.Build.0 = Debug|Win32
		{1D087CF1-FA4B-4068-B261-4D63AB3B7D74}.Release|x64.ActiveCfg = Release|x64
		{1D087CF1-FA4B-4068-B261-4D63AB3B7D74}.Release|x64.Build.0 = Release|x64
		{1D087CF1-FA4B-4068-B261-4D63AB3B7D74}.Release|x86.ActiveCfg = Release|Win32
		{1D087CF1-FA4B-4068-B261-4D63AB3B7D74}.Release|x86.Build.0 = Release|Win32
		{FCFDD4C2-ADA0-49A9-8FCA-31C7B746138C}.Debug|x64.ActiveCfg = Debug|x64
		{FCFDD4C2-ADA0-49A9-8FCA-31C7B746138C}.Debug|x64.Build.0 = Debug|x64
		{FCFDD4C2-ADA0-49A9-8FCA-31C7B746138C}.Debug|x86.ActiveCfg = Debug|Win32
		{FCFDD4C2-ADA0-49A9-8FCA-31C7B746138C}.Debug|x86.Build.0 = Debug|Win32
		{FCFDD4C2-ADA0-49A9-8FCA-31C7B746138C}.Release|x64.ActiveCfg = Release|x64
		{FCFDD4C2-ADA0-49A9-8FCA-31C7B746138C}.Release|x64.Build.0 = Release|x64
		{FCFDD4C2-ADA0-49A9-8FCA-31C7B746138C}.Release|x86.ActiveCfg = Release|Win32
		{FCFDD4C2-ADA0-49A9-8FCA-31C7B746138C}.Release|x86.Build.0 = Release|Win32
		{FDED8D0E-B97F-48AF-91EE-61B0073F0394}.Debug|x64.ActiveCfg = Debug|x64
		{FDED8D0E-B97F-48AF-91EE-61B0073F0394}.Debug|x64.Build.0 = Debug|x64
		{FDED8D0E-B97F-48AF-91EE-61B0073F0394}.Debug|x86.ActiveCfg = Debug|Win32
		{FDED8D0E-B97F-48AF-91EE-61B0073F0394}.Debug|x86.Build.0 = Debug|Win32
		{FDED8D0E-B97F-48AF-91EE-61B0073F0394}.Release|x64.ActiveCfg = Release|x64
		{FDED8D0E-B97F-48AF-91EE-61B0073F0394}.Release|x64.Build.0 = Release|x64
		{FDED8D0E-B97F-48AF-91EE-61B0073F0394}.Release|x86.ActiveCfg = Release|Win32
		{FDED8D0E-B97F-48AF-91EE-61B0073F0394}.Release|x86.Build.0 = Release|Win32
		{8F90A789-9B4B-4787-8BCE-C4836D0E9F54}.Debug|x64.ActiveCfg = Debug|x64
		{8F90A789-9B4B-4787-8BCE-C4836D0E9F54}.Debug|x64.Build.0 = Debug|x64
		{8F90A789-9B4B-4787-8BCE-C4836D0E9F54}.Debug|x86.ActiveCfg = Debug|Win32
		{8F90A789-9B4B-4787-8BCE-C4836D0E9F54}.Debug|x86.Build.0 = Debug|Win32
		{8F90A789-9B4B-4787-8BCE-C4836D0E9F54}.Release|x64.ActiveCfg = Release|x64
		{8F90A789-9B4B-4787-8BCE-C4836D0E9F54}.Release|x64.Build.0 = Release|x64
		{8F90A789-9B4B-4787-8BCE-C4836D0E9F54}.Release|x86.ActiveCfg = Release|Win32
		{8F90A789-9B4B-4787-8BCE-C4836D0E9F54}.Release|x86.Build.0 = Release|Win32
		{AB18C024-3D48-475D-AF3E-A6B25541B7CC}.Debug|x64.ActiveCfg = Debug|x64
		{AB18C024-3D48-475D-AF3E-A6B25541B7CC}.Debug|x64.Build.0 = Debug|x64
		{AB18C024-3D48-475D-AF3E-A6B25541B7CC}.Debug|x86.ActiveCfg = Debug|Win32
		{AB18C024-3D48-475D-AF3E-A6B25541B7CC}.Debug|x86.Build.0 = Debug|Win32
		{AB18C024-3D48-475D-AF3E-A6B25541B7CC}.Release|x64.ActiveCfg = Release|x64
		{AB18C024-3D48-475D-AF3E-A6B25541B7CC}.Release|x64.Build.0 = Release|x64
		{AB18C024-3D48-475D-AF3E-A6B25541B7CC}.Release|x86.ActiveCfg = Release|Win32
		{AB18C024-3D48-475D-AF3E-A6B25541B7CC}.Release|x86.Build.0 = Release|Win32
		{4845A94C-9D8F-412C-B211-E0AB9440C34D}.Debug|x64.ActiveCfg = Debug|x64
		{4845A94C-9D8F-412C-B211-E0AB9440C34D}.Debug|x64.Build.0 = Debug|x64
		{4845A94C-9D8F-412C-B211-E0AB9440C34D}.Debug|x86.ActiveCfg = Debug|Win32
		{4845A94C-9D8F-412C-B211-E0AB9440C34D}.Debug|x86.Build.0 = Debug|Win32
		{4845A94C-9D8F-412C-B211-E0AB9440C34D}.Release|x64.ActiveCfg = Release|x64
		{4845A94C-9D8F-412C-B211-E0AB9440C34D}.Release|x64.Build.0 = Release|x64
		{4845A94C-9D8F-412C-B211-E0AB9440C34D}.Release|x86.ActiveCfg = Release|Win32
		{4845A94C-9D8F-412C-B211-E0AB9440C34D}.Release|x86.Build.0 = Release|Win32
		{35B705CB-C317-43DC-BFB8-976BCC11F096}.Debug|x64.ActiveCfg = Debug|x64
		{35B705CB-C317-43DC-BFB8-976BCC11F096}.Debug|x64.Build.0 = Debug|x64
		{35B705CB-C317-43DC-BFB8-976BCC11F096}.Debug|x86.ActiveCfg = Debug|Win32
		{35B705CB-C317-43DC-BFB8-976BCC11F096}.Debug|x86.Build.0 = Debug|Win32
		{35B705CB-C317-43DC-BFB8-976BCC11F096}.Release|x64.ActiveCfg = Release|x64
		{35B705CB-C317-43DC-BFB8-976BCC11F096}.Release|x64.Build.0 = Release|x64
		{35B705CB-C317-43DC-BFB8-976BCC11F096}.Release|x86.ActiveCfg = Release|Win32
		{35B705CB-C317-43DC-BFB8-976BCC11F096}.Release|x86.Build.0 = Release|Win32
		{BB2C35FE-C710-495B-818D-5EF3358109C8}.Debug|x64.ActiveCfg = Debug|x64
		{BB2C35FE-C710-495B-818D-5EF3358109C8}.Debug|x64.Build.0 = Debug|x64
		{BB2C35FE-C710-495B-818D-5EF3358109C8}.Debug|x86.ActiveCfg = Debug|Win32
		{BB2C35FE-C710-495B-818D-5EF3358109C8}.Debug|x86.Build.0 = Debug|Win32
		{BB2C35FE-C710-495B-818D-5EF3358109C8}.Release|x64.ActiveCfg = Release|x64
		{BB2C35FE-C710-495B-818D-5EF3358109C8}.Release|x64.Build.0 = Release|x64
		{BB2C35FE-C710-495B-818D-5EF3358109C8}.Release|x86.ActiveCfg = Release|Win32
		{BB2C35FE-C710-495B-818D-5EF3358109C8}.Release|x86.Build.0 = Release|Win32
		{036B9CAC-64E0-40D1-B223-839BE5921D4A}.Debug|x64.ActiveCfg = Debug|x64
		{036B9CAC-64E0-40D1-B223-839BE5921D4A}.Debug|x64.Build.0 = Debug|x64
		{036B9CAC-64E0-40D1-B223-839BE5921D4A}.Debug|x86.ActiveCfg = Debug|Win32
		{036B9CAC-64E0-40D1-B223-839BE5921D4A}.Debug|x86.Build.0 = Debug|Win32
		{036B9CAC-64E0-40D1-B223-839BE5921D4A}.Release|x64.ActiveCfg = Release|x64
		{036B9CAC-64E0-40D1-B223-839BE5921D4A}.Release|x64.Build.0 = Release|x64
		{036B9CAC-64E0-40D1-B223-839BE5921D4A}.Release|x86.ActiveCfg = Release|Win32
		{036B9CAC-64E0-40D1-B223-839BE5921D4A}.Release|x86.Build.0 = Release|Win32
		{7344149E-37CE-4FF3-A2F9-97451A02EAE7}.Debug|x64.ActiveCfg = Debug|x64
		{7344149E-37CE-4FF3-A2F9-97451A02EAE7}.Debug|x64.Build.0 = Debug|x64
		{7344149E-37CE-4FF3-A2F9-97451A02EAE7}.Debug|x86.ActiveCfg = Debug|Win32
		{7344149E-37CE-4FF3-A2F9-97451A02EAE7}.Debug|x86.Build.0 = Debug|Win32
		{7344149E-37CE-4FF3-A2F9-97451A02EAE7}.Release|x64.ActiveCfg = Release|x64
		{7344149E-37CE-4FF3-A2F9-97451A02EAE7}.Release|x64.Build.0 = Release|x64
		{7344149E-37CE-4FF3-A2F9-97451A02EAE7}.Release|x86.ActiveCfg = Release|Win32
		{7344149E-37CE-4FF3-A2F9-97451A02EAE7}.Release|x86.Build.0 = Release|Win32
		{D61496FF-104C-4A76-9957-F69329CBAB00}.Debug|x64.ActiveCfg = Debug|x64
		{D61496FF-104C-4A76-9957-F69329CBAB00}.Debug|x64.Build.0 = Debug|x64
		{D61496FF-104C-4A76-9957-F69329CBAB00}.Debug|x86.ActiveCfg = Debug|Win32
		{D61496FF-104C-4A76-9957-F69329CBAB00}.Debug|x86.Build.0 = Debug|Win32
		{D61496FF-104C-4A76-9957-F69329CBAB00}.Release|x64.ActiveCfg = Release|x64
		{D61496FF-104C-4A76-9957-F69329CBAB00}.Release|x64.Build.0 = Release|x64
		{D61496FF-104C-4A76-9957-F69329CBAB00}.Release|x86.ActiveCfg = Release|Win32
		{D61496FF-104C-4A76-9957-F69329CBAB00}.Release|x86.Build.0 = Release|Win32
		{AB4213D4-57DE-48A7-A25D-A2E506289449}.Debug|x64.ActiveCfg = Debug|x64
		{AB4213D4-57DE-48A7-A25D-A2E506289449}.Debug|x64.Build.0 = Debug|x64
		{AB4213D4-57DE-48A7-A25D-A2E506289449}.Debug|x86.ActiveCfg = Debug|Win32
		{AB4213D4-57DE-48A7-A25D-A2E506289449}.Debug|x86.Build.0 = Debug|Win32
		{AB4213D4-57DE-48A7-A25D-A2E506289449}.Release|x64.ActiveCfg = Release|x64
		{AB4213D4-57DE-48A7-A25D-A2E506289449}.Release|x64.Build.0 = Release|x64
		{AB4213D4-57DE-48A7-A25D-A2E506289449}.Release|x86.ActiveCfg = Release|Win32
		{AB4213D4-57DE-48A7-A25D-A2E506289449}.Release|x86.Build.0 = Release|Win32
		{30B2B76A-3404-423C-BE86-433F6581D73C}.Debug|x64.ActiveCfg = Debug|x64
		{30B2B76A-3404-423C-BE86-433F6581D73C}.Debug|x64.Build.0 = Debug|x64
		{30B2B76A-3404-423C-BE86-433F6581D73C}.Debug|x86.ActiveCfg = Debug|Win32
		{30B2B76A-3404-423C-BE86-433F6581D73C}.Debug|x86.Build.0 = Debug|Win32
		{30B2B76A-3404-423C-BE86-433F6581D73C}.Release|x64.ActiveCfg = Release|x64
		{30B2B76A-3404-423C-BE86-433F6581D73C}.Release|x64.Build.0 = Release|x64
		{30B2B76A-3404-423C-BE86-433F6581D73C}.Release|x86.ActiveCfg = Release|Win32
		{30B2B76A-3404-423C-BE86-433F6581D73C}.Release|x86.Build.0 = Release|Win32
		{C7112E6D-F8FE-4434-B86B-02893AC06768}.Debug|x64.ActiveCfg = Debug|x64
		{C7112E6D-F8FE-4434-B86B-02893AC06768}.Debug|x64.Build.0 = Debug|x64
		{C7112E6D-F8FE-4434-B86B-02893AC06768}.Debug|x86.ActiveCfg = Debug|Win32
		{C7112E6D-F8FE-4434-B86B-02893AC06768}.Debug|x86.Build.0 = Debug|Win32
		{C7112E6D-F8FE-4434-B86B-02893AC06768}.Release|x64.ActiveCfg = Release|x64
		{C7112E6D-F8FE-4434-B86B-02893AC06768}.Release|x64.Build.0 = Release|x64
		{C7112E6D-F8FE-4434-B86B-02893AC06768}.Release|x86.ActiveCfg = Release|Win32
		{C7112E6D-F8FE-4434-B86B-02893AC06768}.Release|x86.Build.0 = Release|Win32
		{88B6CBA6-251E-49E1-A13D-452AEE910D2F}.Debug|x64.ActiveCfg = Debug|x64
		{88B6CBA6-251E-49E1-A13D-452AEE910D2F}.Debug|x64.Build.0 = Debug|x64
		{88B6CBA6-251E-49E1-A13D-452AEE910D2F}.Debug|x86.ActiveCfg = Debug|Win32
		{88B6CBA6-251E-49E1-A13D-452AEE910D2F}.Debug|x86.Build.0 = Debug|Win32
		{88B6CBA6-251E-49E1-A13D-452AEE910D2F}.Release|x64.ActiveCfg = Release|x64
		{88B6CBA6-251E-49E1-A13D-452AEE910D2F}.Release|x64.Build.0 = Release|x64
		{88B6CBA6-251E-49E1-A13D-452AEE910D2F}.Release|x86.ActiveCfg = Release|Win32
		{88B6CBA6-251E-49E1-A13D-452AEE910D2F}.Release|x86.Build.0 = Release|Win32
		{737CD84E-48DF-4DF0-BE9E-1572D64E18F4}.Debug|x64.ActiveCfg = Debug|x64
		{737CD84E-48DF-4DF0-BE9E-1572D64E18F4}.Debug|x64.Build.0 = Debug|x64
		{737CD84E-48DF-4DF0-BE9E-1572D64E18F4}.Debug|x86.ActiveCfg = Debug|Win32
		{737CD84E-48DF-4DF0-BE9E-1572D64E18F4}.Debug|x86.Build.0 = Debug|Win32
		{737CD84E-48DF-4DF0-BE9E-1572D64E18F4}.Release|x64.ActiveCfg = Release|x64
		{737CD84E-48DF-4DF0-BE9E-1572D64E18F4}.Release|x64.Build.0 = Release|x64
		{737CD84E-48DF-4DF0-BE9E-1572D64E18F4}.Release|x86.ActiveCfg = Release|Win32
		{737CD84E-48DF-4DF0-BE9E-1572D64E18F4}.Release|x86.Build.0 = Release|Win32
		{4783B305-BFC9-4AAC-8821-DC7DB7C656B1}.Debug|x64.ActiveCfg = Debug|x64
		{4783B305-BFC9-4AAC-8821-DC7DB7C656B1}.Debug|x64.Build.0 = Debug|x64
		{4783B305-BFC9-4AAC-8821-DC7DB7C656B1}.Debug|x86.ActiveCfg = Debug|Win32
		{4783B305-BFC9-4AAC-8821-DC7DB7C656B1}.Debug|x86.Build.0 = Debug|Win32
		{4783B305-BFC9-4AAC-8821-DC7DB7C656B1}.Release|x64.ActiveCfg = Release|x64
		{4783B305-BFC9-4AAC-8821-DC7DB7C656B1}.Release|x64.Build.0 = Release|x64
		{4783B305-BFC9-4AAC-8821-DC7DB7C656B1}.Release|x86.ActiveCfg = Release|Win32
		{4783B305-BFC9-4AAC-8821-DC7DB7C656B1}.Release|x86.Build.0 = Release|Win32
	EndGlobalSection
	GlobalSection(SolutionProperties) = preSolution
		HideSolutionNode = FALSE
	EndGlobalSection
	GlobalSection(ExtensibilityGlobals) = postSolution
		SolutionGuid = {0210AB23-9E1B-49AD-B3A4-504D2E96269D}
	EndGlobalSection
EndGlobal
