
Microsoft Visual Studio Solution File, Format Version 12.00
# Visual Studio Version 17
VisualStudioVersion = 17.5.33414.496
MinimumVisualStudioVersion = 10.0.40219.1
Project("{8BC9CEB8-8B4A-11D0-8D11-00A0C91BC942}") = "Bai03", "Bai03\Bai03.vcxproj", "{91B88574-A183-4F7B-B536-50EFFB3A4EDF}"
EndProject
Project("{8BC9CEB8-8B4A-11D0-8D11-00A0C91BC942}") = "Bai04", "Bai04\Bai04.vcxproj", "{C7DDE8A3-0402-42D7-85F7-DD7A47519911}"
EndProject
Project("{8BC9CEB8-8B4A-11D0-8D11-00A0C91BC942}") = "Bai06", "Bai06\Bai06.vcxproj", "{75AFD1FD-0AE3-46F6-823C-2754A7665BA4}"
EndProject
Project("{8BC9CEB8-8B4A-11D0-8D11-00A0C91BC942}") = "Bai07", "Bai07\Bai07.vcxproj", "{03F9353F-5BC2-4B1F-95F3-6709A3453D99}"
EndProject
Project("{8BC9CEB8-8B4A-11D0-8D11-00A0C91BC942}") = "Bai09", "Bai09\Bai09.vcxproj", "{361277EC-2904-4E00-A1B2-CCA73794AC36}"
EndProject
Project("{8BC9CEB8-8B4A-11D0-8D11-00A0C91BC942}") = "Bai14", "Bai14\Bai14.vcxproj", "{E13AB7AB-5DFA-4408-8524-B8ACCA8DB242}"
EndProject
Project("{8BC9CEB8-8B4A-11D0-8D11-00A0C91BC942}") = "Bai16", "Bai16\Bai16.vcxproj", "{3334BFA2-69A7-4B9E-BF09-778D68EB9BF6}"
EndProject
Project("{8BC9CEB8-8B4A-11D0-8D11-00A0C91BC942}") = "Bai17", "Bai17\Bai17.vcxproj", "{3BEF02CE-0A18-40BE-B47B-82C889F38C39}"
EndProject
Project("{8BC9CEB8-8B4A-11D0-8D11-00A0C91BC942}") = "Bai18", "Bai18\Bai18.vcxproj", "{A0E9DB77-2498-43BB-86A1-077DACDB55CD}"
EndProject
Project("{8BC9CEB8-8B4A-11D0-8D11-00A0C91BC942}") = "Bai19", "Bai19\Bai19.vcxproj", "{F50C4A27-1125-49E3-805F-F136081AFD96}"
EndProject
Project("{8BC9CEB8-8B4A-11D0-8D11-00A0C91BC942}") = "Bai20", "Bai20\Bai20.vcxproj", "{EC846293-BC1F-4134-893D-4C64D999F9AC}"
EndProject
Project("{8BC9CEB8-8B4A-11D0-8D11-00A0C91BC942}") = "Bai21", "Bai21\Bai21.vcxproj", "{5871C565-F857-4285-9104-F586E1D7E691}"
EndProject
Global
	GlobalSection(SolutionConfigurationPlatforms) = preSolution
		Debug|x64 = Debug|x64
		Debug|x86 = Debug|x86
		Release|x64 = Release|x64
		Release|x86 = Release|x86
	EndGlobalSection
	GlobalSection(ProjectConfigurationPlatforms) = postSolution
		{91B88574-A183-4F7B-B536-50EFFB3A4EDF}.Debug|x64.ActiveCfg = Debug|x64
		{91B88574-A183-4F7B-B536-50EFFB3A4EDF}.Debug|x64.Build.0 = Debug|x64
		{91B88574-A183-4F7B-B536-50EFFB3A4EDF}.Debug|x86.ActiveCfg = Debug|Win32
		{91B88574-A183-4F7B-B536-50EFFB3A4EDF}.Debug|x86.Build.0 = Debug|Win32
		{91B88574-A183-4F7B-B536-50EFFB3A4EDF}.Release|x64.ActiveCfg = Release|x64
		{91B88574-A183-4F7B-B536-50EFFB3A4EDF}.Release|x64.Build.0 = Release|x64
		{91B88574-A183-4F7B-B536-50EFFB3A4EDF}.Release|x86.ActiveCfg = Release|Win32
		{91B88574-A183-4F7B-B536-50EFFB3A4EDF}.Release|x86.Build.0 = Release|Win32
		{C7DDE8A3-0402-42D7-85F7-DD7A47519911}.Debug|x64.ActiveCfg = Debug|x64
		{C7DDE8A3-0402-42D7-85F7-DD7A47519911}.Debug|x64.Build.0 = Debug|x64
		{C7DDE8A3-0402-42D7-85F7-DD7A47519911}.Debug|x86.ActiveCfg = Debug|Win32
		{C7DDE8A3-0402-42D7-85F7-DD7A47519911}.Debug|x86.Build.0 = Debug|Win32
		{C7DDE8A3-0402-42D7-85F7-DD7A47519911}.Release|x64.ActiveCfg = Release|x64
		{C7DDE8A3-0402-42D7-85F7-DD7A47519911}.Release|x64.Build.0 = Release|x64
		{C7DDE8A3-0402-42D7-85F7-DD7A47519911}.Release|x86.ActiveCfg = Release|Win32
		{C7DDE8A3-0402-42D7-85F7-DD7A47519911}.Release|x86.Build.0 = Release|Win32
		{75AFD1FD-0AE3-46F6-823C-2754A7665BA4}.Debug|x64.ActiveCfg = Debug|x64
		{75AFD1FD-0AE3-46F6-823C-2754A7665BA4}.Debug|x64.Build.0 = Debug|x64
		{75AFD1FD-0AE3-46F6-823C-2754A7665BA4}.Debug|x86.ActiveCfg = Debug|Win32
		{75AFD1FD-0AE3-46F6-823C-2754A7665BA4}.Debug|x86.Build.0 = Debug|Win32
		{75AFD1FD-0AE3-46F6-823C-2754A7665BA4}.Release|x64.ActiveCfg = Release|x64
		{75AFD1FD-0AE3-46F6-823C-2754A7665BA4}.Release|x64.Build.0 = Release|x64
		{75AFD1FD-0AE3-46F6-823C-2754A7665BA4}.Release|x86.ActiveCfg = Release|Win32
		{75AFD1FD-0AE3-46F6-823C-2754A7665BA4}.Release|x86.Build.0 = Release|Win32
		{03F9353F-5BC2-4B1F-95F3-6709A3453D99}.Debug|x64.ActiveCfg = Debug|x64
		{03F9353F-5BC2-4B1F-95F3-6709A3453D99}.Debug|x64.Build.0 = Debug|x64
		{03F9353F-5BC2-4B1F-95F3-6709A3453D99}.Debug|x86.ActiveCfg = Debug|Win32
		{03F9353F-5BC2-4B1F-95F3-6709A3453D99}.Debug|x86.Build.0 = Debug|Win32
		{03F9353F-5BC2-4B1F-95F3-6709A3453D99}.Release|x64.ActiveCfg = Release|x64
		{03F9353F-5BC2-4B1F-95F3-6709A3453D99}.Release|x64.Build.0 = Release|x64
		{03F9353F-5BC2-4B1F-95F3-6709A3453D99}.Release|x86.ActiveCfg = Release|Win32
		{03F9353F-5BC2-4B1F-95F3-6709A3453D99}.Release|x86.Build.0 = Release|Win32
		{361277EC-2904-4E00-A1B2-CCA73794AC36}.Debug|x64.ActiveCfg = Debug|x64
		{361277EC-2904-4E00-A1B2-CCA73794AC36}.Debug|x64.Build.0 = Debug|x64
		{361277EC-2904-4E00-A1B2-CCA73794AC36}.Debug|x86.ActiveCfg = Debug|Win32
		{361277EC-2904-4E00-A1B2-CCA73794AC36}.Debug|x86.Build.0 = Debug|Win32
		{361277EC-2904-4E00-A1B2-CCA73794AC36}.Release|x64.ActiveCfg = Release|x64
		{361277EC-2904-4E00-A1B2-CCA73794AC36}.Release|x64.Build.0 = Release|x64
		{361277EC-2904-4E00-A1B2-CCA73794AC36}.Release|x86.ActiveCfg = Release|Win32
		{361277EC-2904-4E00-A1B2-CCA73794AC36}.Release|x86.Build.0 = Release|Win32
		{E13AB7AB-5DFA-4408-8524-B8ACCA8DB242}.Debug|x64.ActiveCfg = Debug|x64
		{E13AB7AB-5DFA-4408-8524-B8ACCA8DB242}.Debug|x64.Build.0 = Debug|x64
		{E13AB7AB-5DFA-4408-8524-B8ACCA8DB242}.Debug|x86.ActiveCfg = Debug|Win32
		{E13AB7AB-5DFA-4408-8524-B8ACCA8DB242}.Debug|x86.Build.0 = Debug|Win32
		{E13AB7AB-5DFA-4408-8524-B8ACCA8DB242}.Release|x64.ActiveCfg = Release|x64
		{E13AB7AB-5DFA-4408-8524-B8ACCA8DB242}.Release|x64.Build.0 = Release|x64
		{E13AB7AB-5DFA-4408-8524-B8ACCA8DB242}.Release|x86.ActiveCfg = Release|Win32
		{E13AB7AB-5DFA-4408-8524-B8ACCA8DB242}.Release|x86.Build.0 = Release|Win32
		{3334BFA2-69A7-4B9E-BF09-778D68EB9BF6}.Debug|x64.ActiveCfg = Debug|x64
		{3334BFA2-69A7-4B9E-BF09-778D68EB9BF6}.Debug|x64.Build.0 = Debug|x64
		{3334BFA2-69A7-4B9E-BF09-778D68EB9BF6}.Debug|x86.ActiveCfg = Debug|Win32
		{3334BFA2-69A7-4B9E-BF09-778D68EB9BF6}.Debug|x86.Build.0 = Debug|Win32
		{3334BFA2-69A7-4B9E-BF09-778D68EB9BF6}.Release|x64.ActiveCfg = Release|x64
		{3334BFA2-69A7-4B9E-BF09-778D68EB9BF6}.Release|x64.Build.0 = Release|x64
		{3334BFA2-69A7-4B9E-BF09-778D68EB9BF6}.Release|x86.ActiveCfg = Release|Win32
		{3334BFA2-69A7-4B9E-BF09-778D68EB9BF6}.Release|x86.Build.0 = Release|Win32
		{3BEF02CE-0A18-40BE-B47B-82C889F38C39}.Debug|x64.ActiveCfg = Debug|x64
		{3BEF02CE-0A18-40BE-B47B-82C889F38C39}.Debug|x64.Build.0 = Debug|x64
		{3BEF02CE-0A18-40BE-B47B-82C889F38C39}.Debug|x86.ActiveCfg = Debug|Win32
		{3BEF02CE-0A18-40BE-B47B-82C889F38C39}.Debug|x86.Build.0 = Debug|Win32
		{3BEF02CE-0A18-40BE-B47B-82C889F38C39}.Release|x64.ActiveCfg = Release|x64
		{3BEF02CE-0A18-40BE-B47B-82C889F38C39}.Release|x64.Build.0 = Release|x64
		{3BEF02CE-0A18-40BE-B47B-82C889F38C39}.Release|x86.ActiveCfg = Release|Win32
		{3BEF02CE-0A18-40BE-B47B-82C889F38C39}.Release|x86.Build.0 = Release|Win32
		{A0E9DB77-2498-43BB-86A1-077DACDB55CD}.Debug|x64.ActiveCfg = Debug|x64
		{A0E9DB77-2498-43BB-86A1-077DACDB55CD}.Debug|x64.Build.0 = Debug|x64
		{A0E9DB77-2498-43BB-86A1-077DACDB55CD}.Debug|x86.ActiveCfg = Debug|Win32
		{A0E9DB77-2498-43BB-86A1-077DACDB55CD}.Debug|x86.Build.0 = Debug|Win32
		{A0E9DB77-2498-43BB-86A1-077DACDB55CD}.Release|x64.ActiveCfg = Release|x64
		{A0E9DB77-2498-43BB-86A1-077DACDB55CD}.Release|x64.Build.0 = Release|x64
		{A0E9DB77-2498-43BB-86A1-077DACDB55CD}.Release|x86.ActiveCfg = Release|Win32
		{A0E9DB77-2498-43BB-86A1-077DACDB55CD}.Release|x86.Build.0 = Release|Win32
		{F50C4A27-1125-49E3-805F-F136081AFD96}.Debug|x64.ActiveCfg = Debug|x64
		{F50C4A27-1125-49E3-805F-F136081AFD96}.Debug|x64.Build.0 = Debug|x64
		{F50C4A27-1125-49E3-805F-F136081AFD96}.Debug|x86.ActiveCfg = Debug|Win32
		{F50C4A27-1125-49E3-805F-F136081AFD96}.Debug|x86.Build.0 = Debug|Win32
		{F50C4A27-1125-49E3-805F-F136081AFD96}.Release|x64.ActiveCfg = Release|x64
		{F50C4A27-1125-49E3-805F-F136081AFD96}.Release|x64.Build.0 = Release|x64
		{F50C4A27-1125-49E3-805F-F136081AFD96}.Release|x86.ActiveCfg = Release|Win32
		{F50C4A27-1125-49E3-805F-F136081AFD96}.Release|x86.Build.0 = Release|Win32
		{EC846293-BC1F-4134-893D-4C64D999F9AC}.Debug|x64.ActiveCfg = Debug|x64
		{EC846293-BC1F-4134-893D-4C64D999F9AC}.Debug|x64.Build.0 = Debug|x64
		{EC846293-BC1F-4134-893D-4C64D999F9AC}.Debug|x86.ActiveCfg = Debug|Win32
		{EC846293-BC1F-4134-893D-4C64D999F9AC}.Debug|x86.Build.0 = Debug|Win32
		{EC846293-BC1F-4134-893D-4C64D999F9AC}.Release|x64.ActiveCfg = Release|x64
		{EC846293-BC1F-4134-893D-4C64D999F9AC}.Release|x64.Build.0 = Release|x64
		{EC846293-BC1F-4134-893D-4C64D999F9AC}.Release|x86.ActiveCfg = Release|Win32
		{EC846293-BC1F-4134-893D-4C64D999F9AC}.Release|x86.Build.0 = Release|Win32
		{5871C565-F857-4285-9104-F586E1D7E691}.Debug|x64.ActiveCfg = Debug|x64
		{5871C565-F857-4285-9104-F586E1D7E691}.Debug|x64.Build.0 = Debug|x64
		{5871C565-F857-4285-9104-F586E1D7E691}.Debug|x86.ActiveCfg = Debug|Win32
		{5871C565-F857-4285-9104-F586E1D7E691}.Debug|x86.Build.0 = Debug|Win32
		{5871C565-F857-4285-9104-F586E1D7E691}.Release|x64.ActiveCfg = Release|x64
		{5871C565-F857-4285-9104-F586E1D7E691}.Release|x64.Build.0 = Release|x64
		{5871C565-F857-4285-9104-F586E1D7E691}.Release|x86.ActiveCfg = Release|Win32
		{5871C565-F857-4285-9104-F586E1D7E691}.Release|x86.Build.0 = Release|Win32
	EndGlobalSection
	GlobalSection(SolutionProperties) = preSolution
		HideSolutionNode = FALSE
	EndGlobalSection
	GlobalSection(ExtensibilityGlobals) = postSolution
		SolutionGuid = {C1E42D6A-947C-4EA5-B2AD-E8AA773E6EAF}
	EndGlobalSection
EndGlobal
