
Microsoft Visual Studio Solution File, Format Version 12.00
# Visual Studio Version 17
VisualStudioVersion = 17.5.33414.496
MinimumVisualStudioVersion = 10.0.40219.1
Project("{8BC9CEB8-8B4A-11D0-8D11-00A0C91BC942}") = "Bai01", "Bai01\Bai01.vcxproj", "{1C49C063-2D7C-4063-8A90-5393F791F064}"
EndProject
Project("{8BC9CEB8-8B4A-11D0-8D11-00A0C91BC942}") = "Bai05", "Bai05\Bai05.vcxproj", "{C7553DA9-F75C-42BA-9B3D-A77B96D50A6C}"
EndProject
Project("{8BC9CEB8-8B4A-11D0-8D11-00A0C91BC942}") = "Bai09", "Bai09\Bai09.vcxproj", "{9F7226C9-5E1E-49BA-BD10-EBFC3C8DED77}"
EndProject
Project("{8BC9CEB8-8B4A-11D0-8D11-00A0C91BC942}") = "Bai10", "Bai10\Bai10.vcxproj", "{FC2561DA-7D2C-40AF-9983-BE1001175F3B}"
EndProject
Project("{8BC9CEB8-8B4A-11D0-8D11-00A0C91BC942}") = "Bai11", "Bai11\Bai11.vcxproj", "{688CF293-1307-4F9F-B0CB-DD69A9EDBE8E}"
EndProject
Project("{8BC9CEB8-8B4A-11D0-8D11-00A0C91BC942}") = "Bai13", "Bai13\Bai13.vcxproj", "{1441AF09-F733-4ACD-97FB-7F310BE3B639}"
EndProject
Project("{8BC9CEB8-8B4A-11D0-8D11-00A0C91BC942}") = "Bai14", "Bai14\Bai14.vcxproj", "{4E1C886C-5B33-464F-BBF9-2FA380C5D328}"
EndProject
Project("{8BC9CEB8-8B4A-11D0-8D11-00A0C91BC942}") = "Bai17", "Bai17\Bai17.vcxproj", "{1CB32C69-4242-4D5C-8757-75ABD41CC605}"
EndProject
Project("{8BC9CEB8-8B4A-11D0-8D11-00A0C91BC942}") = "Bai18", "Bai18\Bai18.vcxproj", "{60A37633-4C90-4F90-828C-48E998FE7CB0}"
EndProject
Project("{8BC9CEB8-8B4A-11D0-8D11-00A0C91BC942}") = "Bai19", "Bai19\Bai19.vcxproj", "{0F698F92-98B5-4845-AC0A-247DC086E071}"
EndProject
Project("{8BC9CEB8-8B4A-11D0-8D11-00A0C91BC942}") = "Bai21", "Bai21\Bai21.vcxproj", "{876F2752-A5C0-4A87-A671-2F0A8E5F958E}"
EndProject
Project("{8BC9CEB8-8B4A-11D0-8D11-00A0C91BC942}") = "Bai22", "Bai22\Bai22.vcxproj", "{13539F08-3C1D-452E-8F99-8F20C72AEA5D}"
EndProject
Project("{8BC9CEB8-8B4A-11D0-8D11-00A0C91BC942}") = "Bai24", "Bai24\Bai24.vcxproj", "{5D67AFB2-EE6D-4D75-AD77-AEE122502F94}"
EndProject
Project("{8BC9CEB8-8B4A-11D0-8D11-00A0C91BC942}") = "Bai26", "Bai26\Bai26.vcxproj", "{B7AA6669-B171-412D-9F08-E2B0619B7CE0}"
EndProject
Project("{8BC9CEB8-8B4A-11D0-8D11-00A0C91BC942}") = "Bai29", "Bai29\Bai29.vcxproj", "{A68F2EF2-BA4A-4338-A069-8D77D1EEF8F8}"
EndProject
Project("{8BC9CEB8-8B4A-11D0-8D11-00A0C91BC942}") = "Bai31", "Bai31\Bai31.vcxproj", "{48E8A42A-4F14-4A26-9542-54F3A063C4C4}"
EndProject
Project("{8BC9CEB8-8B4A-11D0-8D11-00A0C91BC942}") = "Bai32", "Bai32\Bai32.vcxproj", "{EF0E20D8-E261-403B-B5E9-AEB2BA8B620D}"
EndProject
Project("{8BC9CEB8-8B4A-11D0-8D11-00A0C91BC942}") = "Bai34", "Bai34\Bai34.vcxproj", "{47BDCB96-D66B-493D-BA8D-E16770F50871}"
EndProject
Project("{8BC9CEB8-8B4A-11D0-8D11-00A0C91BC942}") = "Bai35", "Bai35\Bai35.vcxproj", "{60BACBC5-71C7-4D82-8361-C1A9D65561A8}"
EndProject
Global
	GlobalSection(SolutionConfigurationPlatforms) = preSolution
		Debug|x64 = Debug|x64
		Debug|x86 = Debug|x86
		Release|x64 = Release|x64
		Release|x86 = Release|x86
	EndGlobalSection
	GlobalSection(ProjectConfigurationPlatforms) = postSolution
		{1C49C063-2D7C-4063-8A90-5393F791F064}.Debug|x64.ActiveCfg = Debug|x64
		{1C49C063-2D7C-4063-8A90-5393F791F064}.Debug|x64.Build.0 = Debug|x64
		{1C49C063-2D7C-4063-8A90-5393F791F064}.Debug|x86.ActiveCfg = Debug|Win32
		{1C49C063-2D7C-4063-8A90-5393F791F064}.Debug|x86.Build.0 = Debug|Win32
		{1C49C063-2D7C-4063-8A90-5393F791F064}.Release|x64.ActiveCfg = Release|x64
		{1C49C063-2D7C-4063-8A90-5393F791F064}.Release|x64.Build.0 = Release|x64
		{1C49C063-2D7C-4063-8A90-5393F791F064}.Release|x86.ActiveCfg = Release|Win32
		{1C49C063-2D7C-4063-8A90-5393F791F064}.Release|x86.Build.0 = Release|Win32
		{C7553DA9-F75C-42BA-9B3D-A77B96D50A6C}.Debug|x64.ActiveCfg = Debug|x64
		{C7553DA9-F75C-42BA-9B3D-A77B96D50A6C}.Debug|x64.Build.0 = Debug|x64
		{C7553DA9-F75C-42BA-9B3D-A77B96D50A6C}.Debug|x86.ActiveCfg = Debug|Win32
		{C7553DA9-F75C-42BA-9B3D-A77B96D50A6C}.Debug|x86.Build.0 = Debug|Win32
		{C7553DA9-F75C-42BA-9B3D-A77B96D50A6C}.Release|x64.ActiveCfg = Release|x64
		{C7553DA9-F75C-42BA-9B3D-A77B96D50A6C}.Release|x64.Build.0 = Release|x64
		{C7553DA9-F75C-42BA-9B3D-A77B96D50A6C}.Release|x86.ActiveCfg = Release|Win32
		{C7553DA9-F75C-42BA-9B3D-A77B96D50A6C}.Release|x86.Build.0 = Release|Win32
		{9F7226C9-5E1E-49BA-BD10-EBFC3C8DED77}.Debug|x64.ActiveCfg = Debug|x64
		{9F7226C9-5E1E-49BA-BD10-EBFC3C8DED77}.Debug|x64.Build.0 = Debug|x64
		{9F7226C9-5E1E-49BA-BD10-EBFC3C8DED77}.Debug|x86.ActiveCfg = Debug|Win32
		{9F7226C9-5E1E-49BA-BD10-EBFC3C8DED77}.Debug|x86.Build.0 = Debug|Win32
		{9F7226C9-5E1E-49BA-BD10-EBFC3C8DED77}.Release|x64.ActiveCfg = Release|x64
		{9F7226C9-5E1E-49BA-BD10-EBFC3C8DED77}.Release|x64.Build.0 = Release|x64
		{9F7226C9-5E1E-49BA-BD10-EBFC3C8DED77}.Release|x86.ActiveCfg = Release|Win32
		{9F7226C9-5E1E-49BA-BD10-EBFC3C8DED77}.Release|x86.Build.0 = Release|Win32
		{FC2561DA-7D2C-40AF-9983-BE1001175F3B}.Debug|x64.ActiveCfg = Debug|x64
		{FC2561DA-7D2C-40AF-9983-BE1001175F3B}.Debug|x64.Build.0 = Debug|x64
		{FC2561DA-7D2C-40AF-9983-BE1001175F3B}.Debug|x86.ActiveCfg = Debug|Win32
		{FC2561DA-7D2C-40AF-9983-BE1001175F3B}.Debug|x86.Build.0 = Debug|Win32
		{FC2561DA-7D2C-40AF-9983-BE1001175F3B}.Release|x64.ActiveCfg = Release|x64
		{FC2561DA-7D2C-40AF-9983-BE1001175F3B}.Release|x64.Build.0 = Release|x64
		{FC2561DA-7D2C-40AF-9983-BE1001175F3B}.Release|x86.ActiveCfg = Release|Win32
		{FC2561DA-7D2C-40AF-9983-BE1001175F3B}.Release|x86.Build.0 = Release|Win32
		{688CF293-1307-4F9F-B0CB-DD69A9EDBE8E}.Debug|x64.ActiveCfg = Debug|x64
		{688CF293-1307-4F9F-B0CB-DD69A9EDBE8E}.Debug|x64.Build.0 = Debug|x64
		{688CF293-1307-4F9F-B0CB-DD69A9EDBE8E}.Debug|x86.ActiveCfg = Debug|Win32
		{688CF293-1307-4F9F-B0CB-DD69A9EDBE8E}.Debug|x86.Build.0 = Debug|Win32
		{688CF293-1307-4F9F-B0CB-DD69A9EDBE8E}.Release|x64.ActiveCfg = Release|x64
		{688CF293-1307-4F9F-B0CB-DD69A9EDBE8E}.Release|x64.Build.0 = Release|x64
		{688CF293-1307-4F9F-B0CB-DD69A9EDBE8E}.Release|x86.ActiveCfg = Release|Win32
		{688CF293-1307-4F9F-B0CB-DD69A9EDBE8E}.Release|x86.Build.0 = Release|Win32
		{1441AF09-F733-4ACD-97FB-7F310BE3B639}.Debug|x64.ActiveCfg = Debug|x64
		{1441AF09-F733-4ACD-97FB-7F310BE3B639}.Debug|x64.Build.0 = Debug|x64
		{1441AF09-F733-4ACD-97FB-7F310BE3B639}.Debug|x86.ActiveCfg = Debug|Win32
		{1441AF09-F733-4ACD-97FB-7F310BE3B639}.Debug|x86.Build.0 = Debug|Win32
		{1441AF09-F733-4ACD-97FB-7F310BE3B639}.Release|x64.ActiveCfg = Release|x64
		{1441AF09-F733-4ACD-97FB-7F310BE3B639}.Release|x64.Build.0 = Release|x64
		{1441AF09-F733-4ACD-97FB-7F310BE3B639}.Release|x86.ActiveCfg = Release|Win32
		{1441AF09-F733-4ACD-97FB-7F310BE3B639}.Release|x86.Build.0 = Release|Win32
		{4E1C886C-5B33-464F-BBF9-2FA380C5D328}.Debug|x64.ActiveCfg = Debug|x64
		{4E1C886C-5B33-464F-BBF9-2FA380C5D328}.Debug|x64.Build.0 = Debug|x64
		{4E1C886C-5B33-464F-BBF9-2FA380C5D328}.Debug|x86.ActiveCfg = Debug|Win32
		{4E1C886C-5B33-464F-BBF9-2FA380C5D328}.Debug|x86.Build.0 = Debug|Win32
		{4E1C886C-5B33-464F-BBF9-2FA380C5D328}.Release|x64.ActiveCfg = Release|x64
		{4E1C886C-5B33-464F-BBF9-2FA380C5D328}.Release|x64.Build.0 = Release|x64
		{4E1C886C-5B33-464F-BBF9-2FA380C5D328}.Release|x86.ActiveCfg = Release|Win32
		{4E1C886C-5B33-464F-BBF9-2FA380C5D328}.Release|x86.Build.0 = Release|Win32
		{1CB32C69-4242-4D5C-8757-75ABD41CC605}.Debug|x64.ActiveCfg = Debug|x64
		{1CB32C69-4242-4D5C-8757-75ABD41CC605}.Debug|x64.Build.0 = Debug|x64
		{1CB32C69-4242-4D5C-8757-75ABD41CC605}.Debug|x86.ActiveCfg = Debug|Win32
		{1CB32C69-4242-4D5C-8757-75ABD41CC605}.Debug|x86.Build.0 = Debug|Win32
		{1CB32C69-4242-4D5C-8757-75ABD41CC605}.Release|x64.ActiveCfg = Release|x64
		{1CB32C69-4242-4D5C-8757-75ABD41CC605}.Release|x64.Build.0 = Release|x64
		{1CB32C69-4242-4D5C-8757-75ABD41CC605}.Release|x86.ActiveCfg = Release|Win32
		{1CB32C69-4242-4D5C-8757-75ABD41CC605}.Release|x86.Build.0 = Release|Win32
		{60A37633-4C90-4F90-828C-48E998FE7CB0}.Debug|x64.ActiveCfg = Debug|x64
		{60A37633-4C90-4F90-828C-48E998FE7CB0}.Debug|x64.Build.0 = Debug|x64
		{60A37633-4C90-4F90-828C-48E998FE7CB0}.Debug|x86.ActiveCfg = Debug|Win32
		{60A37633-4C90-4F90-828C-48E998FE7CB0}.Debug|x86.Build.0 = Debug|Win32
		{60A37633-4C90-4F90-828C-48E998FE7CB0}.Release|x64.ActiveCfg = Release|x64
		{60A37633-4C90-4F90-828C-48E998FE7CB0}.Release|x64.Build.0 = Release|x64
		{60A37633-4C90-4F90-828C-48E998FE7CB0}.Release|x86.ActiveCfg = Release|Win32
		{60A37633-4C90-4F90-828C-48E998FE7CB0}.Release|x86.Build.0 = Release|Win32
		{0F698F92-98B5-4845-AC0A-247DC086E071}.Debug|x64.ActiveCfg = Debug|x64
		{0F698F92-98B5-4845-AC0A-247DC086E071}.Debug|x64.Build.0 = Debug|x64
		{0F698F92-98B5-4845-AC0A-247DC086E071}.Debug|x86.ActiveCfg = Debug|Win32
		{0F698F92-98B5-4845-AC0A-247DC086E071}.Debug|x86.Build.0 = Debug|Win32
		{0F698F92-98B5-4845-AC0A-247DC086E071}.Release|x64.ActiveCfg = Release|x64
		{0F698F92-98B5-4845-AC0A-247DC086E071}.Release|x64.Build.0 = Release|x64
		{0F698F92-98B5-4845-AC0A-247DC086E071}.Release|x86.ActiveCfg = Release|Win32
		{0F698F92-98B5-4845-AC0A-247DC086E071}.Release|x86.Build.0 = Release|Win32
		{876F2752-A5C0-4A87-A671-2F0A8E5F958E}.Debug|x64.ActiveCfg = Debug|x64
		{876F2752-A5C0-4A87-A671-2F0A8E5F958E}.Debug|x64.Build.0 = Debug|x64
		{876F2752-A5C0-4A87-A671-2F0A8E5F958E}.Debug|x86.ActiveCfg = Debug|Win32
		{876F2752-A5C0-4A87-A671-2F0A8E5F958E}.Debug|x86.Build.0 = Debug|Win32
		{876F2752-A5C0-4A87-A671-2F0A8E5F958E}.Release|x64.ActiveCfg = Release|x64
		{876F2752-A5C0-4A87-A671-2F0A8E5F958E}.Release|x64.Build.0 = Release|x64
		{876F2752-A5C0-4A87-A671-2F0A8E5F958E}.Release|x86.ActiveCfg = Release|Win32
		{876F2752-A5C0-4A87-A671-2F0A8E5F958E}.Release|x86.Build.0 = Release|Win32
		{13539F08-3C1D-452E-8F99-8F20C72AEA5D}.Debug|x64.ActiveCfg = Debug|x64
		{13539F08-3C1D-452E-8F99-8F20C72AEA5D}.Debug|x64.Build.0 = Debug|x64
		{13539F08-3C1D-452E-8F99-8F20C72AEA5D}.Debug|x86.ActiveCfg = Debug|Win32
		{13539F08-3C1D-452E-8F99-8F20C72AEA5D}.Debug|x86.Build.0 = Debug|Win32
		{13539F08-3C1D-452E-8F99-8F20C72AEA5D}.Release|x64.ActiveCfg = Release|x64
		{13539F08-3C1D-452E-8F99-8F20C72AEA5D}.Release|x64.Build.0 = Release|x64
		{13539F08-3C1D-452E-8F99-8F20C72AEA5D}.Release|x86.ActiveCfg = Release|Win32
		{13539F08-3C1D-452E-8F99-8F20C72AEA5D}.Release|x86.Build.0 = Release|Win32
		{5D67AFB2-EE6D-4D75-AD77-AEE122502F94}.Debug|x64.ActiveCfg = Debug|x64
		{5D67AFB2-EE6D-4D75-AD77-AEE122502F94}.Debug|x64.Build.0 = Debug|x64
		{5D67AFB2-EE6D-4D75-AD77-AEE122502F94}.Debug|x86.ActiveCfg = Debug|Win32
		{5D67AFB2-EE6D-4D75-AD77-AEE122502F94}.Debug|x86.Build.0 = Debug|Win32
		{5D67AFB2-EE6D-4D75-AD77-AEE122502F94}.Release|x64.ActiveCfg = Release|x64
		{5D67AFB2-EE6D-4D75-AD77-AEE122502F94}.Release|x64.Build.0 = Release|x64
		{5D67AFB2-EE6D-4D75-AD77-AEE122502F94}.Release|x86.ActiveCfg = Release|Win32
		{5D67AFB2-EE6D-4D75-AD77-AEE122502F94}.Release|x86.Build.0 = Release|Win32
		{B7AA6669-B171-412D-9F08-E2B0619B7CE0}.Debug|x64.ActiveCfg = Debug|x64
		{B7AA6669-B171-412D-9F08-E2B0619B7CE0}.Debug|x64.Build.0 = Debug|x64
		{B7AA6669-B171-412D-9F08-E2B0619B7CE0}.Debug|x86.ActiveCfg = Debug|Win32
		{B7AA6669-B171-412D-9F08-E2B0619B7CE0}.Debug|x86.Build.0 = Debug|Win32
		{B7AA6669-B171-412D-9F08-E2B0619B7CE0}.Release|x64.ActiveCfg = Release|x64
		{B7AA6669-B171-412D-9F08-E2B0619B7CE0}.Release|x64.Build.0 = Release|x64
		{B7AA6669-B171-412D-9F08-E2B0619B7CE0}.Release|x86.ActiveCfg = Release|Win32
		{B7AA6669-B171-412D-9F08-E2B0619B7CE0}.Release|x86.Build.0 = Release|Win32
		{A68F2EF2-BA4A-4338-A069-8D77D1EEF8F8}.Debug|x64.ActiveCfg = Debug|x64
		{A68F2EF2-BA4A-4338-A069-8D77D1EEF8F8}.Debug|x64.Build.0 = Debug|x64
		{A68F2EF2-BA4A-4338-A069-8D77D1EEF8F8}.Debug|x86.ActiveCfg = Debug|Win32
		{A68F2EF2-BA4A-4338-A069-8D77D1EEF8F8}.Debug|x86.Build.0 = Debug|Win32
		{A68F2EF2-BA4A-4338-A069-8D77D1EEF8F8}.Release|x64.ActiveCfg = Release|x64
		{A68F2EF2-BA4A-4338-A069-8D77D1EEF8F8}.Release|x64.Build.0 = Release|x64
		{A68F2EF2-BA4A-4338-A069-8D77D1EEF8F8}.Release|x86.ActiveCfg = Release|Win32
		{A68F2EF2-BA4A-4338-A069-8D77D1EEF8F8}.Release|x86.Build.0 = Release|Win32
		{48E8A42A-4F14-4A26-9542-54F3A063C4C4}.Debug|x64.ActiveCfg = Debug|x64
		{48E8A42A-4F14-4A26-9542-54F3A063C4C4}.Debug|x64.Build.0 = Debug|x64
		{48E8A42A-4F14-4A26-9542-54F3A063C4C4}.Debug|x86.ActiveCfg = Debug|Win32
		{48E8A42A-4F14-4A26-9542-54F3A063C4C4}.Debug|x86.Build.0 = Debug|Win32
		{48E8A42A-4F14-4A26-9542-54F3A063C4C4}.Release|x64.ActiveCfg = Release|x64
		{48E8A42A-4F14-4A26-9542-54F3A063C4C4}.Release|x64.Build.0 = Release|x64
		{48E8A42A-4F14-4A26-9542-54F3A063C4C4}.Release|x86.ActiveCfg = Release|Win32
		{48E8A42A-4F14-4A26-9542-54F3A063C4C4}.Release|x86.Build.0 = Release|Win32
		{EF0E20D8-E261-403B-B5E9-AEB2BA8B620D}.Debug|x64.ActiveCfg = Debug|x64
		{EF0E20D8-E261-403B-B5E9-AEB2BA8B620D}.Debug|x64.Build.0 = Debug|x64
		{EF0E20D8-E261-403B-B5E9-AEB2BA8B620D}.Debug|x86.ActiveCfg = Debug|Win32
		{EF0E20D8-E261-403B-B5E9-AEB2BA8B620D}.Debug|x86.Build.0 = Debug|Win32
		{EF0E20D8-E261-403B-B5E9-AEB2BA8B620D}.Release|x64.ActiveCfg = Release|x64
		{EF0E20D8-E261-403B-B5E9-AEB2BA8B620D}.Release|x64.Build.0 = Release|x64
		{EF0E20D8-E261-403B-B5E9-AEB2BA8B620D}.Release|x86.ActiveCfg = Release|Win32
		{EF0E20D8-E261-403B-B5E9-AEB2BA8B620D}.Release|x86.Build.0 = Release|Win32
		{47BDCB96-D66B-493D-BA8D-E16770F50871}.Debug|x64.ActiveCfg = Debug|x64
		{47BDCB96-D66B-493D-BA8D-E16770F50871}.Debug|x64.Build.0 = Debug|x64
		{47BDCB96-D66B-493D-BA8D-E16770F50871}.Debug|x86.ActiveCfg = Debug|Win32
		{47BDCB96-D66B-493D-BA8D-E16770F50871}.Debug|x86.Build.0 = Debug|Win32
		{47BDCB96-D66B-493D-BA8D-E16770F50871}.Release|x64.ActiveCfg = Release|x64
		{47BDCB96-D66B-493D-BA8D-E16770F50871}.Release|x64.Build.0 = Release|x64
		{47BDCB96-D66B-493D-BA8D-E16770F50871}.Release|x86.ActiveCfg = Release|Win32
		{47BDCB96-D66B-493D-BA8D-E16770F50871}.Release|x86.Build.0 = Release|Win32
		{60BACBC5-71C7-4D82-8361-C1A9D65561A8}.Debug|x64.ActiveCfg = Debug|x64
		{60BACBC5-71C7-4D82-8361-C1A9D65561A8}.Debug|x64.Build.0 = Debug|x64
		{60BACBC5-71C7-4D82-8361-C1A9D65561A8}.Debug|x86.ActiveCfg = Debug|Win32
		{60BACBC5-71C7-4D82-8361-C1A9D65561A8}.Debug|x86.Build.0 = Debug|Win32
		{60BACBC5-71C7-4D82-8361-C1A9D65561A8}.Release|x64.ActiveCfg = Release|x64
		{60BACBC5-71C7-4D82-8361-C1A9D65561A8}.Release|x64.Build.0 = Release|x64
		{60BACBC5-71C7-4D82-8361-C1A9D65561A8}.Release|x86.ActiveCfg = Release|Win32
		{60BACBC5-71C7-4D82-8361-C1A9D65561A8}.Release|x86.Build.0 = Release|Win32
	EndGlobalSection
	GlobalSection(SolutionProperties) = preSolution
		HideSolutionNode = FALSE
	EndGlobalSection
	GlobalSection(ExtensibilityGlobals) = postSolution
		SolutionGuid = {B8EC3F7C-1719-4EEC-A1A7-A2AA7F01C6DE}
	EndGlobalSection
EndGlobal
