
Microsoft Visual Studio Solution File, Format Version 12.00
# Visual Studio Version 17
VisualStudioVersion = 17.5.33414.496
MinimumVisualStudioVersion = 10.0.40219.1
Project("{8BC9CEB8-8B4A-11D0-8D11-00A0C91BC942}") = "Bai01", "Bai01\Bai01.vcxproj", "{97A4F1F2-E32B-4DCD-9873-D3912911259C}"
EndProject
Project("{8BC9CEB8-8B4A-11D0-8D11-00A0C91BC942}") = "Bai02", "Bai02\Bai02.vcxproj", "{EAA53C51-4E21-4372-B3D4-8262A538FED9}"
EndProject
Project("{8BC9CEB8-8B4A-11D0-8D11-00A0C91BC942}") = "Bai03", "Bai03\Bai03.vcxproj", "{E600D2F3-54B6-4F76-8923-6F3FD071EA2D}"
EndProject
Project("{8BC9CEB8-8B4A-11D0-8D11-00A0C91BC942}") = "Bai04", "Bai04\Bai04.vcxproj", "{2FE67BB3-BB10-43C5-ACBC-AE5D5B352DD9}"
EndProject
Global
	GlobalSection(SolutionConfigurationPlatforms) = preSolution
		Debug|x64 = Debug|x64
		Debug|x86 = Debug|x86
		Release|x64 = Release|x64
		Release|x86 = Release|x86
	EndGlobalSection
	GlobalSection(ProjectConfigurationPlatforms) = postSolution
		{97A4F1F2-E32B-4DCD-9873-D3912911259C}.Debug|x64.ActiveCfg = Debug|x64
		{97A4F1F2-E32B-4DCD-9873-D3912911259C}.Debug|x64.Build.0 = Debug|x64
		{97A4F1F2-E32B-4DCD-9873-D3912911259C}.Debug|x86.ActiveCfg = Debug|Win32
		{97A4F1F2-E32B-4DCD-9873-D3912911259C}.Debug|x86.Build.0 = Debug|Win32
		{97A4F1F2-E32B-4DCD-9873-D3912911259C}.Release|x64.ActiveCfg = Release|x64
		{97A4F1F2-E32B-4DCD-9873-D3912911259C}.Release|x64.Build.0 = Release|x64
		{97A4F1F2-E32B-4DCD-9873-D3912911259C}.Release|x86.ActiveCfg = Release|Win32
		{97A4F1F2-E32B-4DCD-9873-D3912911259C}.Release|x86.Build.0 = Release|Win32
		{EAA53C51-4E21-4372-B3D4-8262A538FED9}.Debug|x64.ActiveCfg = Debug|x64
		{EAA53C51-4E21-4372-B3D4-8262A538FED9}.Debug|x64.Build.0 = Debug|x64
		{EAA53C51-4E21-4372-B3D4-8262A538FED9}.Debug|x86.ActiveCfg = Debug|Win32
		{EAA53C51-4E21-4372-B3D4-8262A538FED9}.Debug|x86.Build.0 = Debug|Win32
		{EAA53C51-4E21-4372-B3D4-8262A538FED9}.Release|x64.ActiveCfg = Release|x64
		{EAA53C51-4E21-4372-B3D4-8262A538FED9}.Release|x64.Build.0 = Release|x64
		{EAA53C51-4E21-4372-B3D4-8262A538FED9}.Release|x86.ActiveCfg = Release|Win32
		{EAA53C51-4E21-4372-B3D4-8262A538FED9}.Release|x86.Build.0 = Release|Win32
		{E600D2F3-54B6-4F76-8923-6F3FD071EA2D}.Debug|x64.ActiveCfg = Debug|x64
		{E600D2F3-54B6-4F76-8923-6F3FD071EA2D}.Debug|x64.Build.0 = Debug|x64
		{E600D2F3-54B6-4F76-8923-6F3FD071EA2D}.Debug|x86.ActiveCfg = Debug|Win32
		{E600D2F3-54B6-4F76-8923-6F3FD071EA2D}.Debug|x86.Build.0 = Debug|Win32
		{E600D2F3-54B6-4F76-8923-6F3FD071EA2D}.Release|x64.ActiveCfg = Release|x64
		{E600D2F3-54B6-4F76-8923-6F3FD071EA2D}.Release|x64.Build.0 = Release|x64
		{E600D2F3-54B6-4F76-8923-6F3FD071EA2D}.Release|x86.ActiveCfg = Release|Win32
		{E600D2F3-54B6-4F76-8923-6F3FD071EA2D}.Release|x86.Build.0 = Release|Win32
		{2FE67BB3-BB10-43C5-ACBC-AE5D5B352DD9}.Debug|x64.ActiveCfg = Debug|x64
		{2FE67BB3-BB10-43C5-ACBC-AE5D5B352DD9}.Debug|x64.Build.0 = Debug|x64
		{2FE67BB3-BB10-43C5-ACBC-AE5D5B352DD9}.Debug|x86.ActiveCfg = Debug|Win32
		{2FE67BB3-BB10-43C5-ACBC-AE5D5B352DD9}.Debug|x86.Build.0 = Debug|Win32
		{2FE67BB3-BB10-43C5-ACBC-AE5D5B352DD9}.Release|x64.ActiveCfg = Release|x64
		{2FE67BB3-BB10-43C5-ACBC-AE5D5B352DD9}.Release|x64.Build.0 = Release|x64
		{2FE67BB3-BB10-43C5-ACBC-AE5D5B352DD9}.Release|x86.ActiveCfg = Release|Win32
		{2FE67BB3-BB10-43C5-ACBC-AE5D5B352DD9}.Release|x86.Build.0 = Release|Win32
	EndGlobalSection
	GlobalSection(SolutionProperties) = preSolution
		HideSolutionNode = FALSE
	EndGlobalSection
	GlobalSection(ExtensibilityGlobals) = postSolution
		SolutionGuid = {C5F02F08-A6CA-468F-96DE-0C0CD6A8A998}
	EndGlobalSection
EndGlobal
