
Microsoft Visual Studio Solution File, Format Version 12.00
# Visual Studio Version 17
VisualStudioVersion = 17.5.33414.496
MinimumVisualStudioVersion = 10.0.40219.1
Project("{8BC9CEB8-8B4A-11D0-8D11-00A0C91BC942}") = "Bai01", "Bai01\Bai01.vcxproj", "{3B6EAED4-54AF-4CA1-BA05-7D8571C47182}"
EndProject
Project("{8BC9CEB8-8B4A-11D0-8D11-00A0C91BC942}") = "Bai17", "Bai17\Bai17.vcxproj", "{C387BE99-73F6-4AE2-B771-CD195958D3F2}"
EndProject
Project("{8BC9CEB8-8B4A-11D0-8D11-00A0C91BC942}") = "Bai18", "Bai18\Bai18.vcxproj", "{5A3552F5-BE31-47EE-A3ED-10F00C7360F7}"
EndProject
Project("{8BC9CEB8-8B4A-11D0-8D11-00A0C91BC942}") = "Bai19", "Bai19\Bai19.vcxproj", "{CDCDF5B1-2F71-4942-A13C-D16607A780FF}"
EndProject
Project("{8BC9CEB8-8B4A-11D0-8D11-00A0C91BC942}") = "Bai27", "Bai27\Bai27.vcxproj", "{0C6C069F-3CB7-400D-8FA0-5840B56ECDBD}"
EndProject
Project("{8BC9CEB8-8B4A-11D0-8D11-00A0C91BC942}") = "Bai30", "Bai30\Bai30.vcxproj", "{A1273B41-03F2-498B-9B1E-FBFC07A18AA8}"
EndProject
Project("{8BC9CEB8-8B4A-11D0-8D11-00A0C91BC942}") = "Bai31", "Bai31\Bai31.vcxproj", "{B7E51BE5-3F40-497D-BB8B-9D3D9A488C22}"
EndProject
Project("{8BC9CEB8-8B4A-11D0-8D11-00A0C91BC942}") = "Bai02", "Bai02\Bai02.vcxproj", "{6EEE9E88-3C9B-42F4-9A6E-25AF9F1249CD}"
EndProject
Project("{8BC9CEB8-8B4A-11D0-8D11-00A0C91BC942}") = "Bai05", "Bai05\Bai05.vcxproj", "{64BF68E5-816C-47F9-9AA8-4FBD9043317D}"
EndProject
Project("{8BC9CEB8-8B4A-11D0-8D11-00A0C91BC942}") = "Bai11", "Bai11\Bai11.vcxproj", "{CB7581B2-AC2D-4429-A034-BFFF6BFFD0A7}"
EndProject
Project("{8BC9CEB8-8B4A-11D0-8D11-00A0C91BC942}") = "Bai12", "Bai12\Bai12.vcxproj", "{185BED71-4A81-41F9-A325-8AB81C7DB19E}"
EndProject
Project("{8BC9CEB8-8B4A-11D0-8D11-00A0C91BC942}") = "Bai13", "Bai13\Bai13.vcxproj", "{9030C17A-856D-4ADB-8AAA-F87DB5F69EBF}"
EndProject
Project("{8BC9CEB8-8B4A-11D0-8D11-00A0C91BC942}") = "Bai14", "Bai14\Bai14.vcxproj", "{2C884E0B-E6CE-42FA-8980-982463378E7C}"
EndProject
Project("{8BC9CEB8-8B4A-11D0-8D11-00A0C91BC942}") = "Bai15", "Bai15\Bai15.vcxproj", "{9505D254-48B1-4096-991D-35AF170BAFCE}"
EndProject
Project("{8BC9CEB8-8B4A-11D0-8D11-00A0C91BC942}") = "Bai16", "Bai16\Bai16.vcxproj", "{1C230BD0-8220-407A-B24C-8A354F074D5B}"
EndProject
Project("{8BC9CEB8-8B4A-11D0-8D11-00A0C91BC942}") = "Bai23", "Bai23\Bai23.vcxproj", "{61431DA3-4220-4777-9331-41A48EB40F5D}"
EndProject
Project("{8BC9CEB8-8B4A-11D0-8D11-00A0C91BC942}") = "Bai24", "Bai24\Bai24.vcxproj", "{D430F6B5-7451-4AFD-B9A7-0EDED619588C}"
EndProject
Project("{8BC9CEB8-8B4A-11D0-8D11-00A0C91BC942}") = "Bai25", "Bai25\Bai25.vcxproj", "{B170B883-5C1B-4DEF-BDE3-469FB6D62464}"
EndProject
Project("{8BC9CEB8-8B4A-11D0-8D11-00A0C91BC942}") = "Bai26", "Bai26\Bai26.vcxproj", "{912CB96A-D501-42DA-91D2-10214085B3E8}"
EndProject
Project("{8BC9CEB8-8B4A-11D0-8D11-00A0C91BC942}") = "Bai47", "Bai47\Bai47.vcxproj", "{B8F0822E-182B-4D0C-A707-439F612FE1F9}"
EndProject
Project("{8BC9CEB8-8B4A-11D0-8D11-00A0C91BC942}") = "Bai46", "Bai46\Bai46.vcxproj", "{09396B49-6244-441F-B267-CD126AD2643E}"
EndProject
Project("{8BC9CEB8-8B4A-11D0-8D11-00A0C91BC942}") = "Bai50", "Bai50\Bai50.vcxproj", "{EC37AA84-12F6-4991-82D9-1730E2946CCF}"
EndProject
Project("{8BC9CEB8-8B4A-11D0-8D11-00A0C91BC942}") = "Bai46.1", "Bai46.1\Bai46.1.vcxproj", "{8212921A-CDCE-4C1E-A555-19D508A015D9}"
EndProject
Project("{8BC9CEB8-8B4A-11D0-8D11-00A0C91BC942}") = "Bai48", "Bai48\Bai48.vcxproj", "{D693B468-F535-4D92-8623-A08FCDD20C71}"
EndProject
Global
	GlobalSection(SolutionConfigurationPlatforms) = preSolution
		Debug|x64 = Debug|x64
		Debug|x86 = Debug|x86
		Release|x64 = Release|x64
		Release|x86 = Release|x86
	EndGlobalSection
	GlobalSection(ProjectConfigurationPlatforms) = postSolution
		{3B6EAED4-54AF-4CA1-BA05-7D8571C47182}.Debug|x64.ActiveCfg = Debug|x64
		{3B6EAED4-54AF-4CA1-BA05-7D8571C47182}.Debug|x64.Build.0 = Debug|x64
		{3B6EAED4-54AF-4CA1-BA05-7D8571C47182}.Debug|x86.ActiveCfg = Debug|Win32
		{3B6EAED4-54AF-4CA1-BA05-7D8571C47182}.Debug|x86.Build.0 = Debug|Win32
		{3B6EAED4-54AF-4CA1-BA05-7D8571C47182}.Release|x64.ActiveCfg = Release|x64
		{3B6EAED4-54AF-4CA1-BA05-7D8571C47182}.Release|x64.Build.0 = Release|x64
		{3B6EAED4-54AF-4CA1-BA05-7D8571C47182}.Release|x86.ActiveCfg = Release|Win32
		{3B6EAED4-54AF-4CA1-BA05-7D8571C47182}.Release|x86.Build.0 = Release|Win32
		{C387BE99-73F6-4AE2-B771-CD195958D3F2}.Debug|x64.ActiveCfg = Debug|x64
		{C387BE99-73F6-4AE2-B771-CD195958D3F2}.Debug|x64.Build.0 = Debug|x64
		{C387BE99-73F6-4AE2-B771-CD195958D3F2}.Debug|x86.ActiveCfg = Debug|Win32
		{C387BE99-73F6-4AE2-B771-CD195958D3F2}.Debug|x86.Build.0 = Debug|Win32
		{C387BE99-73F6-4AE2-B771-CD195958D3F2}.Release|x64.ActiveCfg = Release|x64
		{C387BE99-73F6-4AE2-B771-CD195958D3F2}.Release|x64.Build.0 = Release|x64
		{C387BE99-73F6-4AE2-B771-CD195958D3F2}.Release|x86.ActiveCfg = Release|Win32
		{C387BE99-73F6-4AE2-B771-CD195958D3F2}.Release|x86.Build.0 = Release|Win32
		{5A3552F5-BE31-47EE-A3ED-10F00C7360F7}.Debug|x64.ActiveCfg = Debug|x64
		{5A3552F5-BE31-47EE-A3ED-10F00C7360F7}.Debug|x64.Build.0 = Debug|x64
		{5A3552F5-BE31-47EE-A3ED-10F00C7360F7}.Debug|x86.ActiveCfg = Debug|Win32
		{5A3552F5-BE31-47EE-A3ED-10F00C7360F7}.Debug|x86.Build.0 = Debug|Win32
		{5A3552F5-BE31-47EE-A3ED-10F00C7360F7}.Release|x64.ActiveCfg = Release|x64
		{5A3552F5-BE31-47EE-A3ED-10F00C7360F7}.Release|x64.Build.0 = Release|x64
		{5A3552F5-BE31-47EE-A3ED-10F00C7360F7}.Release|x86.ActiveCfg = Release|Win32
		{5A3552F5-BE31-47EE-A3ED-10F00C7360F7}.Release|x86.Build.0 = Release|Win32
		{CDCDF5B1-2F71-4942-A13C-D16607A780FF}.Debug|x64.ActiveCfg = Debug|x64
		{CDCDF5B1-2F71-4942-A13C-D16607A780FF}.Debug|x64.Build.0 = Debug|x64
		{CDCDF5B1-2F71-4942-A13C-D16607A780FF}.Debug|x86.ActiveCfg = Debug|Win32
		{CDCDF5B1-2F71-4942-A13C-D16607A780FF}.Debug|x86.Build.0 = Debug|Win32
		{CDCDF5B1-2F71-4942-A13C-D16607A780FF}.Release|x64.ActiveCfg = Release|x64
		{CDCDF5B1-2F71-4942-A13C-D16607A780FF}.Release|x64.Build.0 = Release|x64
		{CDCDF5B1-2F71-4942-A13C-D16607A780FF}.Release|x86.ActiveCfg = Release|Win32
		{CDCDF5B1-2F71-4942-A13C-D16607A780FF}.Release|x86.Build.0 = Release|Win32
		{0C6C069F-3CB7-400D-8FA0-5840B56ECDBD}.Debug|x64.ActiveCfg = Debug|x64
		{0C6C069F-3CB7-400D-8FA0-5840B56ECDBD}.Debug|x64.Build.0 = Debug|x64
		{0C6C069F-3CB7-400D-8FA0-5840B56ECDBD}.Debug|x86.ActiveCfg = Debug|Win32
		{0C6C069F-3CB7-400D-8FA0-5840B56ECDBD}.Debug|x86.Build.0 = Debug|Win32
		{0C6C069F-3CB7-400D-8FA0-5840B56ECDBD}.Release|x64.ActiveCfg = Release|x64
		{0C6C069F-3CB7-400D-8FA0-5840B56ECDBD}.Release|x64.Build.0 = Release|x64
		{0C6C069F-3CB7-400D-8FA0-5840B56ECDBD}.Release|x86.ActiveCfg = Release|Win32
		{0C6C069F-3CB7-400D-8FA0-5840B56ECDBD}.Release|x86.Build.0 = Release|Win32
		{A1273B41-03F2-498B-9B1E-FBFC07A18AA8}.Debug|x64.ActiveCfg = Debug|x64
		{A1273B41-03F2-498B-9B1E-FBFC07A18AA8}.Debug|x64.Build.0 = Debug|x64
		{A1273B41-03F2-498B-9B1E-FBFC07A18AA8}.Debug|x86.ActiveCfg = Debug|Win32
		{A1273B41-03F2-498B-9B1E-FBFC07A18AA8}.Debug|x86.Build.0 = Debug|Win32
		{A1273B41-03F2-498B-9B1E-FBFC07A18AA8}.Release|x64.ActiveCfg = Release|x64
		{A1273B41-03F2-498B-9B1E-FBFC07A18AA8}.Release|x64.Build.0 = Release|x64
		{A1273B41-03F2-498B-9B1E-FBFC07A18AA8}.Release|x86.ActiveCfg = Release|Win32
		{A1273B41-03F2-498B-9B1E-FBFC07A18AA8}.Release|x86.Build.0 = Release|Win32
		{B7E51BE5-3F40-497D-BB8B-9D3D9A488C22}.Debug|x64.ActiveCfg = Debug|x64
		{B7E51BE5-3F40-497D-BB8B-9D3D9A488C22}.Debug|x64.Build.0 = Debug|x64
		{B7E51BE5-3F40-497D-BB8B-9D3D9A488C22}.Debug|x86.ActiveCfg = Debug|Win32
		{B7E51BE5-3F40-497D-BB8B-9D3D9A488C22}.Debug|x86.Build.0 = Debug|Win32
		{B7E51BE5-3F40-497D-BB8B-9D3D9A488C22}.Release|x64.ActiveCfg = Release|x64
		{B7E51BE5-3F40-497D-BB8B-9D3D9A488C22}.Release|x64.Build.0 = Release|x64
		{B7E51BE5-3F40-497D-BB8B-9D3D9A488C22}.Release|x86.ActiveCfg = Release|Win32
		{B7E51BE5-3F40-497D-BB8B-9D3D9A488C22}.Release|x86.Build.0 = Release|Win32
		{6EEE9E88-3C9B-42F4-9A6E-25AF9F1249CD}.Debug|x64.ActiveCfg = Debug|x64
		{6EEE9E88-3C9B-42F4-9A6E-25AF9F1249CD}.Debug|x64.Build.0 = Debug|x64
		{6EEE9E88-3C9B-42F4-9A6E-25AF9F1249CD}.Debug|x86.ActiveCfg = Debug|Win32
		{6EEE9E88-3C9B-42F4-9A6E-25AF9F1249CD}.Debug|x86.Build.0 = Debug|Win32
		{6EEE9E88-3C9B-42F4-9A6E-25AF9F1249CD}.Release|x64.ActiveCfg = Release|x64
		{6EEE9E88-3C9B-42F4-9A6E-25AF9F1249CD}.Release|x64.Build.0 = Release|x64
		{6EEE9E88-3C9B-42F4-9A6E-25AF9F1249CD}.Release|x86.ActiveCfg = Release|Win32
		{6EEE9E88-3C9B-42F4-9A6E-25AF9F1249CD}.Release|x86.Build.0 = Release|Win32
		{64BF68E5-816C-47F9-9AA8-4FBD9043317D}.Debug|x64.ActiveCfg = Debug|x64
		{64BF68E5-816C-47F9-9AA8-4FBD9043317D}.Debug|x64.Build.0 = Debug|x64
		{64BF68E5-816C-47F9-9AA8-4FBD9043317D}.Debug|x86.ActiveCfg = Debug|Win32
		{64BF68E5-816C-47F9-9AA8-4FBD9043317D}.Debug|x86.Build.0 = Debug|Win32
		{64BF68E5-816C-47F9-9AA8-4FBD9043317D}.Release|x64.ActiveCfg = Release|x64
		{64BF68E5-816C-47F9-9AA8-4FBD9043317D}.Release|x64.Build.0 = Release|x64
		{64BF68E5-816C-47F9-9AA8-4FBD9043317D}.Release|x86.ActiveCfg = Release|Win32
		{64BF68E5-816C-47F9-9AA8-4FBD9043317D}.Release|x86.Build.0 = Release|Win32
		{CB7581B2-AC2D-4429-A034-BFFF6BFFD0A7}.Debug|x64.ActiveCfg = Debug|x64
		{CB7581B2-AC2D-4429-A034-BFFF6BFFD0A7}.Debug|x64.Build.0 = Debug|x64
		{CB7581B2-AC2D-4429-A034-BFFF6BFFD0A7}.Debug|x86.ActiveCfg = Debug|Win32
		{CB7581B2-AC2D-4429-A034-BFFF6BFFD0A7}.Debug|x86.Build.0 = Debug|Win32
		{CB7581B2-AC2D-4429-A034-BFFF6BFFD0A7}.Release|x64.ActiveCfg = Release|x64
		{CB7581B2-AC2D-4429-A034-BFFF6BFFD0A7}.Release|x64.Build.0 = Release|x64
		{CB7581B2-AC2D-4429-A034-BFFF6BFFD0A7}.Release|x86.ActiveCfg = Release|Win32
		{CB7581B2-AC2D-4429-A034-BFFF6BFFD0A7}.Release|x86.Build.0 = Release|Win32
		{185BED71-4A81-41F9-A325-8AB81C7DB19E}.Debug|x64.ActiveCfg = Debug|x64
		{185BED71-4A81-41F9-A325-8AB81C7DB19E}.Debug|x64.Build.0 = Debug|x64
		{185BED71-4A81-41F9-A325-8AB81C7DB19E}.Debug|x86.ActiveCfg = Debug|Win32
		{185BED71-4A81-41F9-A325-8AB81C7DB19E}.Debug|x86.Build.0 = Debug|Win32
		{185BED71-4A81-41F9-A325-8AB81C7DB19E}.Release|x64.ActiveCfg = Release|x64
		{185BED71-4A81-41F9-A325-8AB81C7DB19E}.Release|x64.Build.0 = Release|x64
		{185BED71-4A81-41F9-A325-8AB81C7DB19E}.Release|x86.ActiveCfg = Release|Win32
		{185BED71-4A81-41F9-A325-8AB81C7DB19E}.Release|x86.Build.0 = Release|Win32
		{9030C17A-856D-4ADB-8AAA-F87DB5F69EBF}.Debug|x64.ActiveCfg = Debug|x64
		{9030C17A-856D-4ADB-8AAA-F87DB5F69EBF}.Debug|x64.Build.0 = Debug|x64
		{9030C17A-856D-4ADB-8AAA-F87DB5F69EBF}.Debug|x86.ActiveCfg = Debug|Win32
		{9030C17A-856D-4ADB-8AAA-F87DB5F69EBF}.Debug|x86.Build.0 = Debug|Win32
		{9030C17A-856D-4ADB-8AAA-F87DB5F69EBF}.Release|x64.ActiveCfg = Release|x64
		{9030C17A-856D-4ADB-8AAA-F87DB5F69EBF}.Release|x64.Build.0 = Release|x64
		{9030C17A-856D-4ADB-8AAA-F87DB5F69EBF}.Release|x86.ActiveCfg = Release|Win32
		{9030C17A-856D-4ADB-8AAA-F87DB5F69EBF}.Release|x86.Build.0 = Release|Win32
		{2C884E0B-E6CE-42FA-8980-982463378E7C}.Debug|x64.ActiveCfg = Debug|x64
		{2C884E0B-E6CE-42FA-8980-982463378E7C}.Debug|x64.Build.0 = Debug|x64
		{2C884E0B-E6CE-42FA-8980-982463378E7C}.Debug|x86.ActiveCfg = Debug|Win32
		{2C884E0B-E6CE-42FA-8980-982463378E7C}.Debug|x86.Build.0 = Debug|Win32
		{2C884E0B-E6CE-42FA-8980-982463378E7C}.Release|x64.ActiveCfg = Release|x64
		{2C884E0B-E6CE-42FA-8980-982463378E7C}.Release|x64.Build.0 = Release|x64
		{2C884E0B-E6CE-42FA-8980-982463378E7C}.Release|x86.ActiveCfg = Release|Win32
		{2C884E0B-E6CE-42FA-8980-982463378E7C}.Release|x86.Build.0 = Release|Win32
		{9505D254-48B1-4096-991D-35AF170BAFCE}.Debug|x64.ActiveCfg = Debug|x64
		{9505D254-48B1-4096-991D-35AF170BAFCE}.Debug|x64.Build.0 = Debug|x64
		{9505D254-48B1-4096-991D-35AF170BAFCE}.Debug|x86.ActiveCfg = Debug|Win32
		{9505D254-48B1-4096-991D-35AF170BAFCE}.Debug|x86.Build.0 = Debug|Win32
		{9505D254-48B1-4096-991D-35AF170BAFCE}.Release|x64.ActiveCfg = Release|x64
		{9505D254-48B1-4096-991D-35AF170BAFCE}.Release|x64.Build.0 = Release|x64
		{9505D254-48B1-4096-991D-35AF170BAFCE}.Release|x86.ActiveCfg = Release|Win32
		{9505D254-48B1-4096-991D-35AF170BAFCE}.Release|x86.Build.0 = Release|Win32
		{1C230BD0-8220-407A-B24C-8A354F074D5B}.Debug|x64.ActiveCfg = Debug|x64
		{1C230BD0-8220-407A-B24C-8A354F074D5B}.Debug|x64.Build.0 = Debug|x64
		{1C230BD0-8220-407A-B24C-8A354F074D5B}.Debug|x86.ActiveCfg = Debug|Win32
		{1C230BD0-8220-407A-B24C-8A354F074D5B}.Debug|x86.Build.0 = Debug|Win32
		{1C230BD0-8220-407A-B24C-8A354F074D5B}.Release|x64.ActiveCfg = Release|x64
		{1C230BD0-8220-407A-B24C-8A354F074D5B}.Release|x64.Build.0 = Release|x64
		{1C230BD0-8220-407A-B24C-8A354F074D5B}.Release|x86.ActiveCfg = Release|Win32
		{1C230BD0-8220-407A-B24C-8A354F074D5B}.Release|x86.Build.0 = Release|Win32
		{61431DA3-4220-4777-9331-41A48EB40F5D}.Debug|x64.ActiveCfg = Debug|x64
		{61431DA3-4220-4777-9331-41A48EB40F5D}.Debug|x64.Build.0 = Debug|x64
		{61431DA3-4220-4777-9331-41A48EB40F5D}.Debug|x86.ActiveCfg = Debug|Win32
		{61431DA3-4220-4777-9331-41A48EB40F5D}.Debug|x86.Build.0 = Debug|Win32
		{61431DA3-4220-4777-9331-41A48EB40F5D}.Release|x64.ActiveCfg = Release|x64
		{61431DA3-4220-4777-9331-41A48EB40F5D}.Release|x64.Build.0 = Release|x64
		{61431DA3-4220-4777-9331-41A48EB40F5D}.Release|x86.ActiveCfg = Release|Win32
		{61431DA3-4220-4777-9331-41A48EB40F5D}.Release|x86.Build.0 = Release|Win32
		{D430F6B5-7451-4AFD-B9A7-0EDED619588C}.Debug|x64.ActiveCfg = Debug|x64
		{D430F6B5-7451-4AFD-B9A7-0EDED619588C}.Debug|x64.Build.0 = Debug|x64
		{D430F6B5-7451-4AFD-B9A7-0EDED619588C}.Debug|x86.ActiveCfg = Debug|Win32
		{D430F6B5-7451-4AFD-B9A7-0EDED619588C}.Debug|x86.Build.0 = Debug|Win32
		{D430F6B5-7451-4AFD-B9A7-0EDED619588C}.Release|x64.ActiveCfg = Release|x64
		{D430F6B5-7451-4AFD-B9A7-0EDED619588C}.Release|x64.Build.0 = Release|x64
		{D430F6B5-7451-4AFD-B9A7-0EDED619588C}.Release|x86.ActiveCfg = Release|Win32
		{D430F6B5-7451-4AFD-B9A7-0EDED619588C}.Release|x86.Build.0 = Release|Win32
		{B170B883-5C1B-4DEF-BDE3-469FB6D62464}.Debug|x64.ActiveCfg = Debug|x64
		{B170B883-5C1B-4DEF-BDE3-469FB6D62464}.Debug|x64.Build.0 = Debug|x64
		{B170B883-5C1B-4DEF-BDE3-469FB6D62464}.Debug|x86.ActiveCfg = Debug|Win32
		{B170B883-5C1B-4DEF-BDE3-469FB6D62464}.Debug|x86.Build.0 = Debug|Win32
		{B170B883-5C1B-4DEF-BDE3-469FB6D62464}.Release|x64.ActiveCfg = Release|x64
		{B170B883-5C1B-4DEF-BDE3-469FB6D62464}.Release|x64.Build.0 = Release|x64
		{B170B883-5C1B-4DEF-BDE3-469FB6D62464}.Release|x86.ActiveCfg = Release|Win32
		{B170B883-5C1B-4DEF-BDE3-469FB6D62464}.Release|x86.Build.0 = Release|Win32
		{912CB96A-D501-42DA-91D2-10214085B3E8}.Debug|x64.ActiveCfg = Debug|x64
		{912CB96A-D501-42DA-91D2-10214085B3E8}.Debug|x64.Build.0 = Debug|x64
		{912CB96A-D501-42DA-91D2-10214085B3E8}.Debug|x86.ActiveCfg = Debug|Win32
		{912CB96A-D501-42DA-91D2-10214085B3E8}.Debug|x86.Build.0 = Debug|Win32
		{912CB96A-D501-42DA-91D2-10214085B3E8}.Release|x64.ActiveCfg = Release|x64
		{912CB96A-D501-42DA-91D2-10214085B3E8}.Release|x64.Build.0 = Release|x64
		{912CB96A-D501-42DA-91D2-10214085B3E8}.Release|x86.ActiveCfg = Release|Win32
		{912CB96A-D501-42DA-91D2-10214085B3E8}.Release|x86.Build.0 = Release|Win32
		{B8F0822E-182B-4D0C-A707-439F612FE1F9}.Debug|x64.ActiveCfg = Debug|x64
		{B8F0822E-182B-4D0C-A707-439F612FE1F9}.Debug|x64.Build.0 = Debug|x64
		{B8F0822E-182B-4D0C-A707-439F612FE1F9}.Debug|x86.ActiveCfg = Debug|Win32
		{B8F0822E-182B-4D0C-A707-439F612FE1F9}.Debug|x86.Build.0 = Debug|Win32
		{B8F0822E-182B-4D0C-A707-439F612FE1F9}.Release|x64.ActiveCfg = Release|x64
		{B8F0822E-182B-4D0C-A707-439F612FE1F9}.Release|x64.Build.0 = Release|x64
		{B8F0822E-182B-4D0C-A707-439F612FE1F9}.Release|x86.ActiveCfg = Release|Win32
		{B8F0822E-182B-4D0C-A707-439F612FE1F9}.Release|x86.Build.0 = Release|Win32
		{09396B49-6244-441F-B267-CD126AD2643E}.Debug|x64.ActiveCfg = Debug|x64
		{09396B49-6244-441F-B267-CD126AD2643E}.Debug|x64.Build.0 = Debug|x64
		{09396B49-6244-441F-B267-CD126AD2643E}.Debug|x86.ActiveCfg = Debug|Win32
		{09396B49-6244-441F-B267-CD126AD2643E}.Debug|x86.Build.0 = Debug|Win32
		{09396B49-6244-441F-B267-CD126AD2643E}.Release|x64.ActiveCfg = Release|x64
		{09396B49-6244-441F-B267-CD126AD2643E}.Release|x64.Build.0 = Release|x64
		{09396B49-6244-441F-B267-CD126AD2643E}.Release|x86.ActiveCfg = Release|Win32
		{09396B49-6244-441F-B267-CD126AD2643E}.Release|x86.Build.0 = Release|Win32
		{EC37AA84-12F6-4991-82D9-1730E2946CCF}.Debug|x64.ActiveCfg = Debug|x64
		{EC37AA84-12F6-4991-82D9-1730E2946CCF}.Debug|x64.Build.0 = Debug|x64
		{EC37AA84-12F6-4991-82D9-1730E2946CCF}.Debug|x86.ActiveCfg = Debug|Win32
		{EC37AA84-12F6-4991-82D9-1730E2946CCF}.Debug|x86.Build.0 = Debug|Win32
		{EC37AA84-12F6-4991-82D9-1730E2946CCF}.Release|x64.ActiveCfg = Release|x64
		{EC37AA84-12F6-4991-82D9-1730E2946CCF}.Release|x64.Build.0 = Release|x64
		{EC37AA84-12F6-4991-82D9-1730E2946CCF}.Release|x86.ActiveCfg = Release|Win32
		{EC37AA84-12F6-4991-82D9-1730E2946CCF}.Release|x86.Build.0 = Release|Win32
		{8212921A-CDCE-4C1E-A555-19D508A015D9}.Debug|x64.ActiveCfg = Debug|x64
		{8212921A-CDCE-4C1E-A555-19D508A015D9}.Debug|x64.Build.0 = Debug|x64
		{8212921A-CDCE-4C1E-A555-19D508A015D9}.Debug|x86.ActiveCfg = Debug|Win32
		{8212921A-CDCE-4C1E-A555-19D508A015D9}.Debug|x86.Build.0 = Debug|Win32
		{8212921A-CDCE-4C1E-A555-19D508A015D9}.Release|x64.ActiveCfg = Release|x64
		{8212921A-CDCE-4C1E-A555-19D508A015D9}.Release|x64.Build.0 = Release|x64
		{8212921A-CDCE-4C1E-A555-19D508A015D9}.Release|x86.ActiveCfg = Release|Win32
		{8212921A-CDCE-4C1E-A555-19D508A015D9}.Release|x86.Build.0 = Release|Win32
		{D693B468-F535-4D92-8623-A08FCDD20C71}.Debug|x64.ActiveCfg = Debug|x64
		{D693B468-F535-4D92-8623-A08FCDD20C71}.Debug|x64.Build.0 = Debug|x64
		{D693B468-F535-4D92-8623-A08FCDD20C71}.Debug|x86.ActiveCfg = Debug|Win32
		{D693B468-F535-4D92-8623-A08FCDD20C71}.Debug|x86.Build.0 = Debug|Win32
		{D693B468-F535-4D92-8623-A08FCDD20C71}.Release|x64.ActiveCfg = Release|x64
		{D693B468-F535-4D92-8623-A08FCDD20C71}.Release|x64.Build.0 = Release|x64
		{D693B468-F535-4D92-8623-A08FCDD20C71}.Release|x86.ActiveCfg = Release|Win32
		{D693B468-F535-4D92-8623-A08FCDD20C71}.Release|x86.Build.0 = Release|Win32
	EndGlobalSection
	GlobalSection(SolutionProperties) = preSolution
		HideSolutionNode = FALSE
	EndGlobalSection
	GlobalSection(ExtensibilityGlobals) = postSolution
		SolutionGuid = {AC5AB1B7-F6A7-4546-83D9-019C6BB9AB4A}
	EndGlobalSection
EndGlobal
