
Microsoft Visual Studio Solution File, Format Version 12.00
# Visual Studio Version 17
VisualStudioVersion = 17.5.33414.496
MinimumVisualStudioVersion = 10.0.40219.1
Project("{8BC9CEB8-8B4A-11D0-8D11-00A0C91BC942}") = "Bai05-Manghieu-Mangcongdon", "Bai05-Manghieu-Mangcongdon\Bai05-Manghieu-Mangcongdon.vcxproj", "{1345C2CD-BC71-4BE2-929D-20E762BFD216}"
EndProject
Project("{8BC9CEB8-8B4A-11D0-8D11-00A0C91BC942}") = "Bai06-Manghieu-Mangcongdon", "Bai06-Manghieu-Mangcongdon\Bai06-Manghieu-Mangcongdon.vcxproj", "{8D3CF44C-020F-40B4-BDE0-622071E0B6AE}"
EndProject
Project("{8BC9CEB8-8B4A-11D0-8D11-00A0C91BC942}") = "Bai01-Manghieu-Mangcongdon", "Bai01-Manghieu-Mangcongdon\Bai01-Manghieu-Mangcongdon.vcxproj", "{5843BBD5-38C5-48D0-9EF3-C95AC190595F}"
EndProject
Project("{8BC9CEB8-8B4A-11D0-8D11-00A0C91BC942}") = "Bai02-Manghieu-Mangcongdon", "Bai02-Manghieu-Mangcongdon\Bai02-Manghieu-Mangcongdon.vcxproj", "{8903652A-CF94-470C-AFFE-71A7C36B0896}"
EndProject
Project("{8BC9CEB8-8B4A-11D0-8D11-00A0C91BC942}") = "Bai03-Manghieu-Mangcongdon", "Bai03-Manghieu-Mangcongdon\Bai03-Manghieu-Mangcongdon.vcxproj", "{E485DACA-49BC-468F-912E-065C5A3D026A}"
EndProject
Project("{8BC9CEB8-8B4A-11D0-8D11-00A0C91BC942}") = "Bai04-Manghieu-Mangcongdon", "Bai04-Manghieu-Mangcongdon\Bai04-Manghieu-Mangcongdon.vcxproj", "{E48D9261-04F3-44DD-8D4A-6C657A3969F9}"
EndProject
Project("{8BC9CEB8-8B4A-11D0-8D11-00A0C91BC942}") = "Bai07-Manghieu-Mangcongdon", "Bai07-Manghieu-Mangcongdon\Bai07-Manghieu-Mangcongdon.vcxproj", "{8DEB5B38-A951-4B11-806B-278BC7CA0296}"
EndProject
Project("{8BC9CEB8-8B4A-11D0-8D11-00A0C91BC942}") = "Bai08-Manghieu-Mangcongdon", "Bai08-Manghieu-Mangcongdon\Bai08-Manghieu-Mangcongdon.vcxproj", "{70531B43-ED0E-4F3B-B14C-42D7EFBF14A5}"
EndProject
Project("{8BC9CEB8-8B4A-11D0-8D11-00A0C91BC942}") = "Bai001-TowPointer", "Bai001-TowPointer\Bai001-TowPointer.vcxproj", "{2F20A571-57DF-4251-86BC-09843F1E8F11}"
EndProject
Project("{8BC9CEB8-8B4A-11D0-8D11-00A0C91BC942}") = "Bai002-TowPointer", "Bai002-TowPointer\Bai002-TowPointer.vcxproj", "{DED618D3-28C1-4EF8-AE65-6200D3AAE024}"
EndProject
Project("{8BC9CEB8-8B4A-11D0-8D11-00A0C91BC942}") = "Bai003-TowPointer", "Bai003-TowPointer\Bai003-TowPointer.vcxproj", "{1DA338F8-379C-4C09-96CF-CFB7BCD57577}"
EndProject
Project("{8BC9CEB8-8B4A-11D0-8D11-00A0C91BC942}") = "Bai004-TwoPointer", "Bai004-TwoPointer\Bai004-TwoPointer.vcxproj", "{E10B39C0-AB6F-41D4-80BC-2512FE41C454}"
EndProject
Project("{8BC9CEB8-8B4A-11D0-8D11-00A0C91BC942}") = "Bai005-TwoPointer", "Bai005-TwoPointer\Bai005-TwoPointer.vcxproj", "{457465C2-8DAE-41E2-B14B-D8BC35CF3821}"
EndProject
Project("{8BC9CEB8-8B4A-11D0-8D11-00A0C91BC942}") = "Bai006-TwoPointer", "Bai006-TwoPointer\Bai006-TwoPointer.vcxproj", "{663EA382-2F96-404A-90B6-B347E07C842D}"
EndProject
Project("{8BC9CEB8-8B4A-11D0-8D11-00A0C91BC942}") = "Bai007-TwoPointer", "Bai007-TwoPointer\Bai007-TwoPointer.vcxproj", "{0FDF0446-23D7-4089-A99B-B0B28FDE9C2C}"
EndProject
Project("{8BC9CEB8-8B4A-11D0-8D11-00A0C91BC942}") = "Bai008-TwoPointer", "Bai008-TwoPointer\Bai008-TwoPointer.vcxproj", "{1AFC7626-0F0E-478E-91C7-34569C39AE5C}"
EndProject
Project("{8BC9CEB8-8B4A-11D0-8D11-00A0C91BC942}") = "Bai009-TwoPointer", "Bai009-TwoPointer\Bai009-TwoPointer.vcxproj", "{30B07A0B-18E3-445A-AC87-5B5014F48402}"
EndProject
Project("{8BC9CEB8-8B4A-11D0-8D11-00A0C91BC942}") = "Bai010-TowPointer", "Bai010-TowPointer\Bai010-TowPointer.vcxproj", "{7F15820F-70F5-4149-B683-342B32E5C46B}"
EndProject
Project("{8BC9CEB8-8B4A-11D0-8D11-00A0C91BC942}") = "Bai011-TowPointer", "Bai011-TowPointer\Bai011-TowPointer.vcxproj", "{DA1C3A95-2676-4185-BDC3-8A925A707199}"
EndProject
Project("{8BC9CEB8-8B4A-11D0-8D11-00A0C91BC942}") = "Bai012-TwoPointer", "Bai012-TwoPointer\Bai012-TwoPointer.vcxproj", "{C3AE3122-97C2-45AC-A7C4-281E864C4444}"
EndProject
Project("{8BC9CEB8-8B4A-11D0-8D11-00A0C91BC942}") = "Bai013-TwoPointer", "Bai013-TwoPointer\Bai013-TwoPointer.vcxproj", "{3E5652AF-9AB7-4742-8861-3DCCD9EFDA74}"
EndProject
Project("{8BC9CEB8-8B4A-11D0-8D11-00A0C91BC942}") = "Bai1-SlidingWindow", "Bai1-SlidingWindow\Bai1-SlidingWindow.vcxproj", "{301F162E-5763-417E-95FD-3C0C15CC6D7E}"
EndProject
Project("{8BC9CEB8-8B4A-11D0-8D11-00A0C91BC942}") = "Bai2-SlidingWindown", "Bai2-SlidingWindown\Bai2-SlidingWindown.vcxproj", "{9C129B15-D06F-492E-9898-EEF445D8CD62}"
EndProject
Project("{8BC9CEB8-8B4A-11D0-8D11-00A0C91BC942}") = "Bai3-SlidingWindown", "Bai3-SlidingWindown\Bai3-SlidingWindown.vcxproj", "{1F873726-E2E1-4D19-AD8F-AA7B2BA5FBB6}"
EndProject
Project("{8BC9CEB8-8B4A-11D0-8D11-00A0C91BC942}") = "Bai4-SlidingWindown", "Bai4-SlidingWindown\Bai4-SlidingWindown.vcxproj", "{CE572EBF-2F2C-4EB4-962F-4BCBEA3C65D3}"
EndProject
Global
	GlobalSection(SolutionConfigurationPlatforms) = preSolution
		Debug|x64 = Debug|x64
		Debug|x86 = Debug|x86
		Release|x64 = Release|x64
		Release|x86 = Release|x86
	EndGlobalSection
	GlobalSection(ProjectConfigurationPlatforms) = postSolution
		{1345C2CD-BC71-4BE2-929D-20E762BFD216}.Debug|x64.ActiveCfg = Debug|x64
		{1345C2CD-BC71-4BE2-929D-20E762BFD216}.Debug|x64.Build.0 = Debug|x64
		{1345C2CD-BC71-4BE2-929D-20E762BFD216}.Debug|x86.ActiveCfg = Debug|Win32
		{1345C2CD-BC71-4BE2-929D-20E762BFD216}.Debug|x86.Build.0 = Debug|Win32
		{1345C2CD-BC71-4BE2-929D-20E762BFD216}.Release|x64.ActiveCfg = Release|x64
		{1345C2CD-BC71-4BE2-929D-20E762BFD216}.Release|x64.Build.0 = Release|x64
		{1345C2CD-BC71-4BE2-929D-20E762BFD216}.Release|x86.ActiveCfg = Release|Win32
		{1345C2CD-BC71-4BE2-929D-20E762BFD216}.Release|x86.Build.0 = Release|Win32
		{8D3CF44C-020F-40B4-BDE0-622071E0B6AE}.Debug|x64.ActiveCfg = Debug|x64
		{8D3CF44C-020F-40B4-BDE0-622071E0B6AE}.Debug|x64.Build.0 = Debug|x64
		{8D3CF44C-020F-40B4-BDE0-622071E0B6AE}.Debug|x86.ActiveCfg = Debug|Win32
		{8D3CF44C-020F-40B4-BDE0-622071E0B6AE}.Debug|x86.Build.0 = Debug|Win32
		{8D3CF44C-020F-40B4-BDE0-622071E0B6AE}.Release|x64.ActiveCfg = Release|x64
		{8D3CF44C-020F-40B4-BDE0-622071E0B6AE}.Release|x64.Build.0 = Release|x64
		{8D3CF44C-020F-40B4-BDE0-622071E0B6AE}.Release|x86.ActiveCfg = Release|Win32
		{8D3CF44C-020F-40B4-BDE0-622071E0B6AE}.Release|x86.Build.0 = Release|Win32
		{5843BBD5-38C5-48D0-9EF3-C95AC190595F}.Debug|x64.ActiveCfg = Debug|x64
		{5843BBD5-38C5-48D0-9EF3-C95AC190595F}.Debug|x64.Build.0 = Debug|x64
		{5843BBD5-38C5-48D0-9EF3-C95AC190595F}.Debug|x86.ActiveCfg = Debug|Win32
		{5843BBD5-38C5-48D0-9EF3-C95AC190595F}.Debug|x86.Build.0 = Debug|Win32
		{5843BBD5-38C5-48D0-9EF3-C95AC190595F}.Release|x64.ActiveCfg = Release|x64
		{5843BBD5-38C5-48D0-9EF3-C95AC190595F}.Release|x64.Build.0 = Release|x64
		{5843BBD5-38C5-48D0-9EF3-C95AC190595F}.Release|x86.ActiveCfg = Release|Win32
		{5843BBD5-38C5-48D0-9EF3-C95AC190595F}.Release|x86.Build.0 = Release|Win32
		{8903652A-CF94-470C-AFFE-71A7C36B0896}.Debug|x64.ActiveCfg = Debug|x64
		{8903652A-CF94-470C-AFFE-71A7C36B0896}.Debug|x64.Build.0 = Debug|x64
		{8903652A-CF94-470C-AFFE-71A7C36B0896}.Debug|x86.ActiveCfg = Debug|Win32
		{8903652A-CF94-470C-AFFE-71A7C36B0896}.Debug|x86.Build.0 = Debug|Win32
		{8903652A-CF94-470C-AFFE-71A7C36B0896}.Release|x64.ActiveCfg = Release|x64
		{8903652A-CF94-470C-AFFE-71A7C36B0896}.Release|x64.Build.0 = Release|x64
		{8903652A-CF94-470C-AFFE-71A7C36B0896}.Release|x86.ActiveCfg = Release|Win32
		{8903652A-CF94-470C-AFFE-71A7C36B0896}.Release|x86.Build.0 = Release|Win32
		{E485DACA-49BC-468F-912E-065C5A3D026A}.Debug|x64.ActiveCfg = Debug|x64
		{E485DACA-49BC-468F-912E-065C5A3D026A}.Debug|x64.Build.0 = Debug|x64
		{E485DACA-49BC-468F-912E-065C5A3D026A}.Debug|x86.ActiveCfg = Debug|Win32
		{E485DACA-49BC-468F-912E-065C5A3D026A}.Debug|x86.Build.0 = Debug|Win32
		{E485DACA-49BC-468F-912E-065C5A3D026A}.Release|x64.ActiveCfg = Release|x64
		{E485DACA-49BC-468F-912E-065C5A3D026A}.Release|x64.Build.0 = Release|x64
		{E485DACA-49BC-468F-912E-065C5A3D026A}.Release|x86.ActiveCfg = Release|Win32
		{E485DACA-49BC-468F-912E-065C5A3D026A}.Release|x86.Build.0 = Release|Win32
		{E48D9261-04F3-44DD-8D4A-6C657A3969F9}.Debug|x64.ActiveCfg = Debug|x64
		{E48D9261-04F3-44DD-8D4A-6C657A3969F9}.Debug|x64.Build.0 = Debug|x64
		{E48D9261-04F3-44DD-8D4A-6C657A3969F9}.Debug|x86.ActiveCfg = Debug|Win32
		{E48D9261-04F3-44DD-8D4A-6C657A3969F9}.Debug|x86.Build.0 = Debug|Win32
		{E48D9261-04F3-44DD-8D4A-6C657A3969F9}.Release|x64.ActiveCfg = Release|x64
		{E48D9261-04F3-44DD-8D4A-6C657A3969F9}.Release|x64.Build.0 = Release|x64
		{E48D9261-04F3-44DD-8D4A-6C657A3969F9}.Release|x86.ActiveCfg = Release|Win32
		{E48D9261-04F3-44DD-8D4A-6C657A3969F9}.Release|x86.Build.0 = Release|Win32
		{8DEB5B38-A951-4B11-806B-278BC7CA0296}.Debug|x64.ActiveCfg = Debug|x64
		{8DEB5B38-A951-4B11-806B-278BC7CA0296}.Debug|x64.Build.0 = Debug|x64
		{8DEB5B38-A951-4B11-806B-278BC7CA0296}.Debug|x86.ActiveCfg = Debug|Win32
		{8DEB5B38-A951-4B11-806B-278BC7CA0296}.Debug|x86.Build.0 = Debug|Win32
		{8DEB5B38-A951-4B11-806B-278BC7CA0296}.Release|x64.ActiveCfg = Release|x64
		{8DEB5B38-A951-4B11-806B-278BC7CA0296}.Release|x64.Build.0 = Release|x64
		{8DEB5B38-A951-4B11-806B-278BC7CA0296}.Release|x86.ActiveCfg = Release|Win32
		{8DEB5B38-A951-4B11-806B-278BC7CA0296}.Release|x86.Build.0 = Release|Win32
		{70531B43-ED0E-4F3B-B14C-42D7EFBF14A5}.Debug|x64.ActiveCfg = Debug|x64
		{70531B43-ED0E-4F3B-B14C-42D7EFBF14A5}.Debug|x64.Build.0 = Debug|x64
		{70531B43-ED0E-4F3B-B14C-42D7EFBF14A5}.Debug|x86.ActiveCfg = Debug|Win32
		{70531B43-ED0E-4F3B-B14C-42D7EFBF14A5}.Debug|x86.Build.0 = Debug|Win32
		{70531B43-ED0E-4F3B-B14C-42D7EFBF14A5}.Release|x64.ActiveCfg = Release|x64
		{70531B43-ED0E-4F3B-B14C-42D7EFBF14A5}.Release|x64.Build.0 = Release|x64
		{70531B43-ED0E-4F3B-B14C-42D7EFBF14A5}.Release|x86.ActiveCfg = Release|Win32
		{70531B43-ED0E-4F3B-B14C-42D7EFBF14A5}.Release|x86.Build.0 = Release|Win32
		{2F20A571-57DF-4251-86BC-09843F1E8F11}.Debug|x64.ActiveCfg = Debug|x64
		{2F20A571-57DF-4251-86BC-09843F1E8F11}.Debug|x64.Build.0 = Debug|x64
		{2F20A571-57DF-4251-86BC-09843F1E8F11}.Debug|x86.ActiveCfg = Debug|Win32
		{2F20A571-57DF-4251-86BC-09843F1E8F11}.Debug|x86.Build.0 = Debug|Win32
		{2F20A571-57DF-4251-86BC-09843F1E8F11}.Release|x64.ActiveCfg = Release|x64
		{2F20A571-57DF-4251-86BC-09843F1E8F11}.Release|x64.Build.0 = Release|x64
		{2F20A571-57DF-4251-86BC-09843F1E8F11}.Release|x86.ActiveCfg = Release|Win32
		{2F20A571-57DF-4251-86BC-09843F1E8F11}.Release|x86.Build.0 = Release|Win32
		{DED618D3-28C1-4EF8-AE65-6200D3AAE024}.Debug|x64.ActiveCfg = Debug|x64
		{DED618D3-28C1-4EF8-AE65-6200D3AAE024}.Debug|x64.Build.0 = Debug|x64
		{DED618D3-28C1-4EF8-AE65-6200D3AAE024}.Debug|x86.ActiveCfg = Debug|Win32
		{DED618D3-28C1-4EF8-AE65-6200D3AAE024}.Debug|x86.Build.0 = Debug|Win32
		{DED618D3-28C1-4EF8-AE65-6200D3AAE024}.Release|x64.ActiveCfg = Release|x64
		{DED618D3-28C1-4EF8-AE65-6200D3AAE024}.Release|x64.Build.0 = Release|x64
		{DED618D3-28C1-4EF8-AE65-6200D3AAE024}.Release|x86.ActiveCfg = Release|Win32
		{DED618D3-28C1-4EF8-AE65-6200D3AAE024}.Release|x86.Build.0 = Release|Win32
		{1DA338F8-379C-4C09-96CF-CFB7BCD57577}.Debug|x64.ActiveCfg = Debug|x64
		{1DA338F8-379C-4C09-96CF-CFB7BCD57577}.Debug|x64.Build.0 = Debug|x64
		{1DA338F8-379C-4C09-96CF-CFB7BCD57577}.Debug|x86.ActiveCfg = Debug|Win32
		{1DA338F8-379C-4C09-96CF-CFB7BCD57577}.Debug|x86.Build.0 = Debug|Win32
		{1DA338F8-379C-4C09-96CF-CFB7BCD57577}.Release|x64.ActiveCfg = Release|x64
		{1DA338F8-379C-4C09-96CF-CFB7BCD57577}.Release|x64.Build.0 = Release|x64
		{1DA338F8-379C-4C09-96CF-CFB7BCD57577}.Release|x86.ActiveCfg = Release|Win32
		{1DA338F8-379C-4C09-96CF-CFB7BCD57577}.Release|x86.Build.0 = Release|Win32
		{E10B39C0-AB6F-41D4-80BC-2512FE41C454}.Debug|x64.ActiveCfg = Debug|x64
		{E10B39C0-AB6F-41D4-80BC-2512FE41C454}.Debug|x64.Build.0 = Debug|x64
		{E10B39C0-AB6F-41D4-80BC-2512FE41C454}.Debug|x86.ActiveCfg = Debug|Win32
		{E10B39C0-AB6F-41D4-80BC-2512FE41C454}.Debug|x86.Build.0 = Debug|Win32
		{E10B39C0-AB6F-41D4-80BC-2512FE41C454}.Release|x64.ActiveCfg = Release|x64
		{E10B39C0-AB6F-41D4-80BC-2512FE41C454}.Release|x64.Build.0 = Release|x64
		{E10B39C0-AB6F-41D4-80BC-2512FE41C454}.Release|x86.ActiveCfg = Release|Win32
		{E10B39C0-AB6F-41D4-80BC-2512FE41C454}.Release|x86.Build.0 = Release|Win32
		{457465C2-8DAE-41E2-B14B-D8BC35CF3821}.Debug|x64.ActiveCfg = Debug|x64
		{457465C2-8DAE-41E2-B14B-D8BC35CF3821}.Debug|x64.Build.0 = Debug|x64
		{457465C2-8DAE-41E2-B14B-D8BC35CF3821}.Debug|x86.ActiveCfg = Debug|Win32
		{457465C2-8DAE-41E2-B14B-D8BC35CF3821}.Debug|x86.Build.0 = Debug|Win32
		{457465C2-8DAE-41E2-B14B-D8BC35CF3821}.Release|x64.ActiveCfg = Release|x64
		{457465C2-8DAE-41E2-B14B-D8BC35CF3821}.Release|x64.Build.0 = Release|x64
		{457465C2-8DAE-41E2-B14B-D8BC35CF3821}.Release|x86.ActiveCfg = Release|Win32
		{457465C2-8DAE-41E2-B14B-D8BC35CF3821}.Release|x86.Build.0 = Release|Win32
		{663EA382-2F96-404A-90B6-B347E07C842D}.Debug|x64.ActiveCfg = Debug|x64
		{663EA382-2F96-404A-90B6-B347E07C842D}.Debug|x64.Build.0 = Debug|x64
		{663EA382-2F96-404A-90B6-B347E07C842D}.Debug|x86.ActiveCfg = Debug|Win32
		{663EA382-2F96-404A-90B6-B347E07C842D}.Debug|x86.Build.0 = Debug|Win32
		{663EA382-2F96-404A-90B6-B347E07C842D}.Release|x64.ActiveCfg = Release|x64
		{663EA382-2F96-404A-90B6-B347E07C842D}.Release|x64.Build.0 = Release|x64
		{663EA382-2F96-404A-90B6-B347E07C842D}.Release|x86.ActiveCfg = Release|Win32
		{663EA382-2F96-404A-90B6-B347E07C842D}.Release|x86.Build.0 = Release|Win32
		{0FDF0446-23D7-4089-A99B-B0B28FDE9C2C}.Debug|x64.ActiveCfg = Debug|x64
		{0FDF0446-23D7-4089-A99B-B0B28FDE9C2C}.Debug|x64.Build.0 = Debug|x64
		{0FDF0446-23D7-4089-A99B-B0B28FDE9C2C}.Debug|x86.ActiveCfg = Debug|Win32
		{0FDF0446-23D7-4089-A99B-B0B28FDE9C2C}.Debug|x86.Build.0 = Debug|Win32
		{0FDF0446-23D7-4089-A99B-B0B28FDE9C2C}.Release|x64.ActiveCfg = Release|x64
		{0FDF0446-23D7-4089-A99B-B0B28FDE9C2C}.Release|x64.Build.0 = Release|x64
		{0FDF0446-23D7-4089-A99B-B0B28FDE9C2C}.Release|x86.ActiveCfg = Release|Win32
		{0FDF0446-23D7-4089-A99B-B0B28FDE9C2C}.Release|x86.Build.0 = Release|Win32
		{1AFC7626-0F0E-478E-91C7-34569C39AE5C}.Debug|x64.ActiveCfg = Debug|x64
		{1AFC7626-0F0E-478E-91C7-34569C39AE5C}.Debug|x64.Build.0 = Debug|x64
		{1AFC7626-0F0E-478E-91C7-34569C39AE5C}.Debug|x86.ActiveCfg = Debug|Win32
		{1AFC7626-0F0E-478E-91C7-34569C39AE5C}.Debug|x86.Build.0 = Debug|Win32
		{1AFC7626-0F0E-478E-91C7-34569C39AE5C}.Release|x64.ActiveCfg = Release|x64
		{1AFC7626-0F0E-478E-91C7-34569C39AE5C}.Release|x64.Build.0 = Release|x64
		{1AFC7626-0F0E-478E-91C7-34569C39AE5C}.Release|x86.ActiveCfg = Release|Win32
		{1AFC7626-0F0E-478E-91C7-34569C39AE5C}.Release|x86.Build.0 = Release|Win32
		{30B07A0B-18E3-445A-AC87-5B5014F48402}.Debug|x64.ActiveCfg = Debug|x64
		{30B07A0B-18E3-445A-AC87-5B5014F48402}.Debug|x64.Build.0 = Debug|x64
		{30B07A0B-18E3-445A-AC87-5B5014F48402}.Debug|x86.ActiveCfg = Debug|Win32
		{30B07A0B-18E3-445A-AC87-5B5014F48402}.Debug|x86.Build.0 = Debug|Win32
		{30B07A0B-18E3-445A-AC87-5B5014F48402}.Release|x64.ActiveCfg = Release|x64
		{30B07A0B-18E3-445A-AC87-5B5014F48402}.Release|x64.Build.0 = Release|x64
		{30B07A0B-18E3-445A-AC87-5B5014F48402}.Release|x86.ActiveCfg = Release|Win32
		{30B07A0B-18E3-445A-AC87-5B5014F48402}.Release|x86.Build.0 = Release|Win32
		{7F15820F-70F5-4149-B683-342B32E5C46B}.Debug|x64.ActiveCfg = Debug|x64
		{7F15820F-70F5-4149-B683-342B32E5C46B}.Debug|x64.Build.0 = Debug|x64
		{7F15820F-70F5-4149-B683-342B32E5C46B}.Debug|x86.ActiveCfg = Debug|Win32
		{7F15820F-70F5-4149-B683-342B32E5C46B}.Debug|x86.Build.0 = Debug|Win32
		{7F15820F-70F5-4149-B683-342B32E5C46B}.Release|x64.ActiveCfg = Release|x64
		{7F15820F-70F5-4149-B683-342B32E5C46B}.Release|x64.Build.0 = Release|x64
		{7F15820F-70F5-4149-B683-342B32E5C46B}.Release|x86.ActiveCfg = Release|Win32
		{7F15820F-70F5-4149-B683-342B32E5C46B}.Release|x86.Build.0 = Release|Win32
		{DA1C3A95-2676-4185-BDC3-8A925A707199}.Debug|x64.ActiveCfg = Debug|x64
		{DA1C3A95-2676-4185-BDC3-8A925A707199}.Debug|x64.Build.0 = Debug|x64
		{DA1C3A95-2676-4185-BDC3-8A925A707199}.Debug|x86.ActiveCfg = Debug|Win32
		{DA1C3A95-2676-4185-BDC3-8A925A707199}.Debug|x86.Build.0 = Debug|Win32
		{DA1C3A95-2676-4185-BDC3-8A925A707199}.Release|x64.ActiveCfg = Release|x64
		{DA1C3A95-2676-4185-BDC3-8A925A707199}.Release|x64.Build.0 = Release|x64
		{DA1C3A95-2676-4185-BDC3-8A925A707199}.Release|x86.ActiveCfg = Release|Win32
		{DA1C3A95-2676-4185-BDC3-8A925A707199}.Release|x86.Build.0 = Release|Win32
		{C3AE3122-97C2-45AC-A7C4-281E864C4444}.Debug|x64.ActiveCfg = Debug|x64
		{C3AE3122-97C2-45AC-A7C4-281E864C4444}.Debug|x64.Build.0 = Debug|x64
		{C3AE3122-97C2-45AC-A7C4-281E864C4444}.Debug|x86.ActiveCfg = Debug|Win32
		{C3AE3122-97C2-45AC-A7C4-281E864C4444}.Debug|x86.Build.0 = Debug|Win32
		{C3AE3122-97C2-45AC-A7C4-281E864C4444}.Release|x64.ActiveCfg = Release|x64
		{C3AE3122-97C2-45AC-A7C4-281E864C4444}.Release|x64.Build.0 = Release|x64
		{C3AE3122-97C2-45AC-A7C4-281E864C4444}.Release|x86.ActiveCfg = Release|Win32
		{C3AE3122-97C2-45AC-A7C4-281E864C4444}.Release|x86.Build.0 = Release|Win32
		{3E5652AF-9AB7-4742-8861-3DCCD9EFDA74}.Debug|x64.ActiveCfg = Debug|x64
		{3E5652AF-9AB7-4742-8861-3DCCD9EFDA74}.Debug|x64.Build.0 = Debug|x64
		{3E5652AF-9AB7-4742-8861-3DCCD9EFDA74}.Debug|x86.ActiveCfg = Debug|Win32
		{3E5652AF-9AB7-4742-8861-3DCCD9EFDA74}.Debug|x86.Build.0 = Debug|Win32
		{3E5652AF-9AB7-4742-8861-3DCCD9EFDA74}.Release|x64.ActiveCfg = Release|x64
		{3E5652AF-9AB7-4742-8861-3DCCD9EFDA74}.Release|x64.Build.0 = Release|x64
		{3E5652AF-9AB7-4742-8861-3DCCD9EFDA74}.Release|x86.ActiveCfg = Release|Win32
		{3E5652AF-9AB7-4742-8861-3DCCD9EFDA74}.Release|x86.Build.0 = Release|Win32
		{301F162E-5763-417E-95FD-3C0C15CC6D7E}.Debug|x64.ActiveCfg = Debug|x64
		{301F162E-5763-417E-95FD-3C0C15CC6D7E}.Debug|x64.Build.0 = Debug|x64
		{301F162E-5763-417E-95FD-3C0C15CC6D7E}.Debug|x86.ActiveCfg = Debug|Win32
		{301F162E-5763-417E-95FD-3C0C15CC6D7E}.Debug|x86.Build.0 = Debug|Win32
		{301F162E-5763-417E-95FD-3C0C15CC6D7E}.Release|x64.ActiveCfg = Release|x64
		{301F162E-5763-417E-95FD-3C0C15CC6D7E}.Release|x64.Build.0 = Release|x64
		{301F162E-5763-417E-95FD-3C0C15CC6D7E}.Release|x86.ActiveCfg = Release|Win32
		{301F162E-5763-417E-95FD-3C0C15CC6D7E}.Release|x86.Build.0 = Release|Win32
		{9C129B15-D06F-492E-9898-EEF445D8CD62}.Debug|x64.ActiveCfg = Debug|x64
		{9C129B15-D06F-492E-9898-EEF445D8CD62}.Debug|x64.Build.0 = Debug|x64
		{9C129B15-D06F-492E-9898-EEF445D8CD62}.Debug|x86.ActiveCfg = Debug|Win32
		{9C129B15-D06F-492E-9898-EEF445D8CD62}.Debug|x86.Build.0 = Debug|Win32
		{9C129B15-D06F-492E-9898-EEF445D8CD62}.Release|x64.ActiveCfg = Release|x64
		{9C129B15-D06F-492E-9898-EEF445D8CD62}.Release|x64.Build.0 = Release|x64
		{9C129B15-D06F-492E-9898-EEF445D8CD62}.Release|x86.ActiveCfg = Release|Win32
		{9C129B15-D06F-492E-9898-EEF445D8CD62}.Release|x86.Build.0 = Release|Win32
		{1F873726-E2E1-4D19-AD8F-AA7B2BA5FBB6}.Debug|x64.ActiveCfg = Debug|x64
		{1F873726-E2E1-4D19-AD8F-AA7B2BA5FBB6}.Debug|x64.Build.0 = Debug|x64
		{1F873726-E2E1-4D19-AD8F-AA7B2BA5FBB6}.Debug|x86.ActiveCfg = Debug|Win32
		{1F873726-E2E1-4D19-AD8F-AA7B2BA5FBB6}.Debug|x86.Build.0 = Debug|Win32
		{1F873726-E2E1-4D19-AD8F-AA7B2BA5FBB6}.Release|x64.ActiveCfg = Release|x64
		{1F873726-E2E1-4D19-AD8F-AA7B2BA5FBB6}.Release|x64.Build.0 = Release|x64
		{1F873726-E2E1-4D19-AD8F-AA7B2BA5FBB6}.Release|x86.ActiveCfg = Release|Win32
		{1F873726-E2E1-4D19-AD8F-AA7B2BA5FBB6}.Release|x86.Build.0 = Release|Win32
		{CE572EBF-2F2C-4EB4-962F-4BCBEA3C65D3}.Debug|x64.ActiveCfg = Debug|x64
		{CE572EBF-2F2C-4EB4-962F-4BCBEA3C65D3}.Debug|x64.Build.0 = Debug|x64
		{CE572EBF-2F2C-4EB4-962F-4BCBEA3C65D3}.Debug|x86.ActiveCfg = Debug|Win32
		{CE572EBF-2F2C-4EB4-962F-4BCBEA3C65D3}.Debug|x86.Build.0 = Debug|Win32
		{CE572EBF-2F2C-4EB4-962F-4BCBEA3C65D3}.Release|x64.ActiveCfg = Release|x64
		{CE572EBF-2F2C-4EB4-962F-4BCBEA3C65D3}.Release|x64.Build.0 = Release|x64
		{CE572EBF-2F2C-4EB4-962F-4BCBEA3C65D3}.Release|x86.ActiveCfg = Release|Win32
		{CE572EBF-2F2C-4EB4-962F-4BCBEA3C65D3}.Release|x86.Build.0 = Release|Win32
	EndGlobalSection
	GlobalSection(SolutionProperties) = preSolution
		HideSolutionNode = FALSE
	EndGlobalSection
	GlobalSection(ExtensibilityGlobals) = postSolution
		SolutionGuid = {32FE54BE-CABB-4D9C-8C7A-CE5C2CC1B922}
	EndGlobalSection
EndGlobal
